<?xml version="1.0" encoding="UTF-8"?>
<!DOCTYPE plist PUBLIC "-//Apple//DTD PLIST 1.0//EN" "http://www.apple.com/DTDs/PropertyList-1.0.dtd">
<plist version="1.0">
<dict>
	<key>archiveVersion</key>
	<string>1</string>
	<key>classes</key>
	<dict/>
	<key>objectVersion</key>
	<string>46</string>
	<key>objects</key>
	<dict>
		<key>03065DD12509B0CC3E4372FD</key>
		<dict>
			<key>children</key>
			<array>
				<string>97547ACC4F1497BB380CE534</string>
				<string>97A7F1458D1BCA79813BE22D</string>
			</array>
			<key>isa</key>
			<string>PBXGroup</string>
			<key>name</key>
			<string>Pods</string>
			<key>sourceTree</key>
			<string>&lt;group&gt;</string>
		</dict>
		<key>0D0271F71E13432E00D3D350</key>
		<dict>
			<key>fileEncoding</key>
			<string>4</string>
			<key>isa</key>
			<string>PBXFileReference</string>
			<key>lastKnownFileType</key>
			<string>sourcecode.c.h</string>
			<key>path</key>
			<string>headerCollectionViewCell.h</string>
			<key>sourceTree</key>
			<string>&lt;group&gt;</string>
		</dict>
		<key>0D0271F81E13432E00D3D350</key>
		<dict>
			<key>fileEncoding</key>
			<string>4</string>
			<key>isa</key>
			<string>PBXFileReference</string>
			<key>lastKnownFileType</key>
			<string>sourcecode.c.objc</string>
			<key>path</key>
			<string>headerCollectionViewCell.m</string>
			<key>sourceTree</key>
			<string>&lt;group&gt;</string>
		</dict>
		<key>0D0271FA1E13432E00D3D350</key>
		<dict>
			<key>fileRef</key>
			<string>0D0271F81E13432E00D3D350</string>
			<key>isa</key>
			<string>PBXBuildFile</string>
		</dict>
		<key>0D0271FC1E13433600D3D350</key>
		<dict>
			<key>children</key>
			<array>
				<string>0DA3F5F41E1389C600E2E030</string>
				<string>0DA3F5F51E1389C600E2E030</string>
				<string>0DA3F5F61E1389C600E2E030</string>
			</array>
			<key>isa</key>
			<string>PBXGroup</string>
			<key>name</key>
			<string>tableView</string>
			<key>sourceTree</key>
			<string>&lt;group&gt;</string>
		</dict>
		<key>0D0271FD1E13434300D3D350</key>
		<dict>
			<key>children</key>
			<array>
				<string>0D0271F71E13432E00D3D350</string>
				<string>0D0271F81E13432E00D3D350</string>
			</array>
			<key>isa</key>
			<string>PBXGroup</string>
			<key>name</key>
			<string>collectionView</string>
			<key>sourceTree</key>
			<string>&lt;group&gt;</string>
		</dict>
		<key>0D0271FE1E13435100D3D350</key>
		<dict>
			<key>children</key>
			<array>
				<string>0D44214F1E12861A00B31284</string>
				<string>0D4421501E12861A00B31284</string>
			</array>
			<key>isa</key>
			<string>PBXGroup</string>
			<key>name</key>
			<string>&#33258;&#36866;&#24212;lable&#31867;&#21035;</string>
			<key>sourceTree</key>
			<string>&lt;group&gt;</string>
		</dict>
		<key>0D44214F1E12861A00B31284</key>
		<dict>
			<key>fileEncoding</key>
			<string>4</string>
			<key>isa</key>
			<string>PBXFileReference</string>
			<key>lastKnownFileType</key>
			<string>sourcecode.c.h</string>
			<key>path</key>
			<string>UILabel+LabelFrame.h</string>
			<key>sourceTree</key>
			<string>&lt;group&gt;</string>
		</dict>
		<key>0D4421501E12861A00B31284</key>
		<dict>
			<key>fileEncoding</key>
			<string>4</string>
			<key>isa</key>
			<string>PBXFileReference</string>
			<key>lastKnownFileType</key>
			<string>sourcecode.c.objc</string>
			<key>path</key>
			<string>UILabel+LabelFrame.m</string>
			<key>sourceTree</key>
			<string>&lt;group&gt;</string>
		</dict>
		<key>0D4421511E12861A00B31284</key>
		<dict>
			<key>fileRef</key>
			<string>0D4421501E12861A00B31284</string>
			<key>isa</key>
			<string>PBXBuildFile</string>
		</dict>
		<key>0DA3F5F41E1389C600E2E030</key>
		<dict>
			<key>fileEncoding</key>
			<string>4</string>
			<key>isa</key>
			<string>PBXFileReference</string>
			<key>lastKnownFileType</key>
			<string>sourcecode.c.h</string>
			<key>path</key>
			<string>HomeTableViewCell.h</string>
			<key>sourceTree</key>
			<string>&lt;group&gt;</string>
		</dict>
		<key>0DA3F5F51E1389C600E2E030</key>
		<dict>
			<key>fileEncoding</key>
			<string>4</string>
			<key>isa</key>
			<string>PBXFileReference</string>
			<key>lastKnownFileType</key>
			<string>sourcecode.c.objc</string>
			<key>path</key>
			<string>HomeTableViewCell.m</string>
			<key>sourceTree</key>
			<string>&lt;group&gt;</string>
		</dict>
		<key>0DA3F5F61E1389C600E2E030</key>
		<dict>
			<key>fileEncoding</key>
			<string>4</string>
			<key>isa</key>
			<string>PBXFileReference</string>
			<key>lastKnownFileType</key>
			<string>file.xib</string>
			<key>path</key>
			<string>HomeTableViewCell.xib</string>
			<key>sourceTree</key>
			<string>&lt;group&gt;</string>
		</dict>
		<key>0DA3F5F71E1389C600E2E030</key>
		<dict>
			<key>fileRef</key>
			<string>0DA3F5F51E1389C600E2E030</string>
			<key>isa</key>
			<string>PBXBuildFile</string>
		</dict>
		<key>0DA3F5F81E1389C600E2E030</key>
		<dict>
			<key>fileRef</key>
			<string>0DA3F5F61E1389C600E2E030</string>
			<key>isa</key>
			<string>PBXBuildFile</string>
		</dict>
		<key>0DA3F6031E13A04A00E2E030</key>
		<dict>
			<key>children</key>
			<array>
				<string>0DA3F6041E13A04A00E2E030</string>
				<string>0DA3F6051E13A04A00E2E030</string>
				<string>0DA3F6061E13A04A00E2E030</string>
				<string>0DA3F6071E13A04A00E2E030</string>
				<string>0DA3F6081E13A04A00E2E030</string>
				<string>0DA3F6091E13A04A00E2E030</string>
			</array>
			<key>isa</key>
			<string>PBXGroup</string>
			<key>path</key>
			<string>PopoverView</string>
			<key>sourceTree</key>
			<string>&lt;group&gt;</string>
		</dict>
		<key>0DA3F6041E13A04A00E2E030</key>
		<dict>
			<key>fileEncoding</key>
			<string>4</string>
			<key>isa</key>
			<string>PBXFileReference</string>
			<key>lastKnownFileType</key>
			<string>sourcecode.c.h</string>
			<key>path</key>
			<string>PopoverAction.h</string>
			<key>sourceTree</key>
			<string>&lt;group&gt;</string>
		</dict>
		<key>0DA3F6051E13A04A00E2E030</key>
		<dict>
			<key>fileEncoding</key>
			<string>4</string>
			<key>isa</key>
			<string>PBXFileReference</string>
			<key>lastKnownFileType</key>
			<string>sourcecode.c.objc</string>
			<key>path</key>
			<string>PopoverAction.m</string>
			<key>sourceTree</key>
			<string>&lt;group&gt;</string>
		</dict>
		<key>0DA3F6061E13A04A00E2E030</key>
		<dict>
			<key>fileEncoding</key>
			<string>4</string>
			<key>isa</key>
			<string>PBXFileReference</string>
			<key>lastKnownFileType</key>
			<string>sourcecode.c.h</string>
			<key>path</key>
			<string>PopoverView.h</string>
			<key>sourceTree</key>
			<string>&lt;group&gt;</string>
		</dict>
		<key>0DA3F6071E13A04A00E2E030</key>
		<dict>
			<key>fileEncoding</key>
			<string>4</string>
			<key>isa</key>
			<string>PBXFileReference</string>
			<key>lastKnownFileType</key>
			<string>sourcecode.c.objc</string>
			<key>path</key>
			<string>PopoverView.m</string>
			<key>sourceTree</key>
			<string>&lt;group&gt;</string>
		</dict>
		<key>0DA3F6081E13A04A00E2E030</key>
		<dict>
			<key>fileEncoding</key>
			<string>4</string>
			<key>isa</key>
			<string>PBXFileReference</string>
			<key>lastKnownFileType</key>
			<string>sourcecode.c.h</string>
			<key>path</key>
			<string>PopoverViewCell.h</string>
			<key>sourceTree</key>
			<string>&lt;group&gt;</string>
		</dict>
		<key>0DA3F6091E13A04A00E2E030</key>
		<dict>
			<key>fileEncoding</key>
			<string>4</string>
			<key>isa</key>
			<string>PBXFileReference</string>
			<key>lastKnownFileType</key>
			<string>sourcecode.c.objc</string>
			<key>path</key>
			<string>PopoverViewCell.m</string>
			<key>sourceTree</key>
			<string>&lt;group&gt;</string>
		</dict>
		<key>0DA3F60A1E13A04A00E2E030</key>
		<dict>
			<key>fileRef</key>
			<string>0DA3F6051E13A04A00E2E030</string>
			<key>isa</key>
			<string>PBXBuildFile</string>
		</dict>
		<key>0DA3F60B1E13A04A00E2E030</key>
		<dict>
			<key>fileRef</key>
			<string>0DA3F6071E13A04A00E2E030</string>
			<key>isa</key>
			<string>PBXBuildFile</string>
		</dict>
		<key>0DA3F60C1E13A04A00E2E030</key>
		<dict>
			<key>fileRef</key>
			<string>0DA3F6091E13A04A00E2E030</string>
			<key>isa</key>
			<string>PBXBuildFile</string>
		</dict>
		<key>0DC495BA1E13CDC700537686</key>
		<dict>
			<key>fileEncoding</key>
			<string>4</string>
			<key>isa</key>
			<string>PBXFileReference</string>
			<key>lastKnownFileType</key>
			<string>sourcecode.c.h</string>
			<key>path</key>
			<string>GPSViewController.h</string>
			<key>sourceTree</key>
			<string>&lt;group&gt;</string>
		</dict>
		<key>0DC495BB1E13CDC700537686</key>
		<dict>
			<key>fileEncoding</key>
			<string>4</string>
			<key>isa</key>
			<string>PBXFileReference</string>
			<key>lastKnownFileType</key>
			<string>sourcecode.c.objc</string>
			<key>path</key>
			<string>GPSViewController.m</string>
			<key>sourceTree</key>
			<string>&lt;group&gt;</string>
		</dict>
		<key>0DC495BC1E13CDC700537686</key>
		<dict>
			<key>fileRef</key>
			<string>0DC495BB1E13CDC700537686</string>
			<key>isa</key>
			<string>PBXBuildFile</string>
		</dict>
		<key>0DC495BD1E148EBA00537686</key>
		<dict>
			<key>fileEncoding</key>
			<string>4</string>
			<key>isa</key>
			<string>PBXFileReference</string>
			<key>lastKnownFileType</key>
			<string>sourcecode.c.h</string>
			<key>path</key>
			<string>hotelViewController.h</string>
			<key>sourceTree</key>
			<string>&lt;group&gt;</string>
		</dict>
		<key>0DC495BE1E148EBA00537686</key>
		<dict>
			<key>fileEncoding</key>
			<string>4</string>
			<key>isa</key>
			<string>PBXFileReference</string>
			<key>lastKnownFileType</key>
			<string>sourcecode.c.objc</string>
			<key>path</key>
			<string>hotelViewController.m</string>
			<key>sourceTree</key>
			<string>&lt;group&gt;</string>
		</dict>
		<key>0DC495BF1E148EBA00537686</key>
		<dict>
			<key>fileRef</key>
			<string>0DC495BE1E148EBA00537686</string>
			<key>isa</key>
			<string>PBXBuildFile</string>
		</dict>
		<key>0DC495C01E148EC100537686</key>
		<dict>
			<key>children</key>
			<array>
				<string>0DC495BD1E148EBA00537686</string>
				<string>0DC495BE1E148EBA00537686</string>
				<string>0DC495C71E15202F00537686</string>
				<string>0DC495C81E15202F00537686</string>
				<string>0DC495C91E15202F00537686</string>
				<string>BA6DB9D41E174AA2002622C8</string>
				<string>BA6DB9D51E174AA2002622C8</string>
				<string>BA6DB9D61E174AA2002622C8</string>
			</array>
			<key>isa</key>
			<string>PBXGroup</string>
			<key>name</key>
			<string>&#39277;&#24215;</string>
			<key>sourceTree</key>
			<string>&lt;group&gt;</string>
		</dict>
		<key>0DC495C11E148ED100537686</key>
		<dict>
			<key>children</key>
			<array>
				<string>0DC495BA1E13CDC700537686</string>
				<string>0DC495BB1E13CDC700537686</string>
			</array>
			<key>isa</key>
			<string>PBXGroup</string>
			<key>name</key>
			<string>&#23548;&#33322;</string>
			<key>sourceTree</key>
			<string>&lt;group&gt;</string>
		</dict>
		<key>0DC495C51E14E00C00537686</key>
		<dict>
			<key>isa</key>
			<string>PBXFileReference</string>
			<key>lastKnownFileType</key>
			<string>image.jpeg</string>
			<key>path</key>
			<string>577.jpg</string>
			<key>sourceTree</key>
			<string>&lt;group&gt;</string>
		</dict>
		<key>0DC495C61E14E00C00537686</key>
		<dict>
			<key>fileRef</key>
			<string>0DC495C51E14E00C00537686</string>
			<key>isa</key>
			<string>PBXBuildFile</string>
		</dict>
		<key>0DC495C71E15202F00537686</key>
		<dict>
			<key>fileEncoding</key>
			<string>4</string>
			<key>isa</key>
			<string>PBXFileReference</string>
			<key>lastKnownFileType</key>
			<string>sourcecode.c.h</string>
			<key>path</key>
			<string>hoteTableViewCell.h</string>
			<key>sourceTree</key>
			<string>&lt;group&gt;</string>
		</dict>
		<key>0DC495C81E15202F00537686</key>
		<dict>
			<key>fileEncoding</key>
			<string>4</string>
			<key>isa</key>
			<string>PBXFileReference</string>
			<key>lastKnownFileType</key>
			<string>sourcecode.c.objc</string>
			<key>path</key>
			<string>hoteTableViewCell.m</string>
			<key>sourceTree</key>
			<string>&lt;group&gt;</string>
		</dict>
		<key>0DC495C91E15202F00537686</key>
		<dict>
			<key>fileEncoding</key>
			<string>4</string>
			<key>isa</key>
			<string>PBXFileReference</string>
			<key>lastKnownFileType</key>
			<string>file.xib</string>
			<key>path</key>
			<string>hoteTableViewCell.xib</string>
			<key>sourceTree</key>
			<string>&lt;group&gt;</string>
		</dict>
		<key>0DC495CA1E15202F00537686</key>
		<dict>
			<key>fileRef</key>
			<string>0DC495C81E15202F00537686</string>
			<key>isa</key>
			<string>PBXBuildFile</string>
		</dict>
		<key>0DC495CB1E15202F00537686</key>
		<dict>
			<key>fileRef</key>
			<string>0DC495C91E15202F00537686</string>
			<key>isa</key>
			<string>PBXBuildFile</string>
		</dict>
		<key>0DC495CC1E152EA700537686</key>
		<dict>
			<key>isa</key>
			<string>PBXFileReference</string>
			<key>lastKnownFileType</key>
			<string>image.png</string>
			<key>path</key>
			<string>&#31661;&#22836;.png</string>
			<key>sourceTree</key>
			<string>&lt;group&gt;</string>
		</dict>
		<key>0DC495CD1E152EA700537686</key>
		<dict>
			<key>fileRef</key>
			<string>0DC495CC1E152EA700537686</string>
			<key>isa</key>
			<string>PBXBuildFile</string>
		</dict>
		<key>0DE95E141E1336B3008C762F</key>
		<dict>
			<key>isa</key>
			<string>PBXFileReference</string>
			<key>lastKnownFileType</key>
			<string>image.png</string>
			<key>path</key>
			<string>img1.png</string>
			<key>sourceTree</key>
			<string>&lt;group&gt;</string>
		</dict>
		<key>0DE95E151E1336B3008C762F</key>
		<dict>
			<key>isa</key>
			<string>PBXFileReference</string>
			<key>lastKnownFileType</key>
			<string>image.png</string>
			<key>path</key>
			<string>img2.png</string>
			<key>sourceTree</key>
			<string>&lt;group&gt;</string>
		</dict>
		<key>0DE95E161E1336B3008C762F</key>
		<dict>
			<key>isa</key>
			<string>PBXFileReference</string>
			<key>lastKnownFileType</key>
			<string>image.png</string>
			<key>path</key>
			<string>img4.png</string>
			<key>sourceTree</key>
			<string>&lt;group&gt;</string>
		</dict>
		<key>0DE95E171E1336B3008C762F</key>
		<dict>
			<key>fileRef</key>
			<string>0DE95E141E1336B3008C762F</string>
			<key>isa</key>
			<string>PBXBuildFile</string>
		</dict>
		<key>0DE95E181E1336B3008C762F</key>
		<dict>
			<key>fileRef</key>
			<string>0DE95E151E1336B3008C762F</string>
			<key>isa</key>
			<string>PBXBuildFile</string>
		</dict>
		<key>0DE95E191E1336B3008C762F</key>
		<dict>
			<key>fileRef</key>
			<string>0DE95E161E1336B3008C762F</string>
			<key>isa</key>
			<string>PBXBuildFile</string>
		</dict>
		<key>0DE95E1A1E133A85008C762F</key>
		<dict>
			<key>isa</key>
			<string>PBXFileReference</string>
			<key>lastKnownFileType</key>
			<string>sourcecode.c.h</string>
			<key>path</key>
			<string>AllFrame.pch</string>
			<key>sourceTree</key>
			<string>&lt;group&gt;</string>
		</dict>
		<key>0DE95E1B1E133A93008C762F</key>
		<dict>
			<key>children</key>
			<array>
				<string>0DC495CC1E152EA700537686</string>
				<string>0DC495C51E14E00C00537686</string>
				<string>0DE95E141E1336B3008C762F</string>
				<string>0DE95E151E1336B3008C762F</string>
				<string>0DE95E161E1336B3008C762F</string>
				<string>0DF158941E121E80008142D6</string>
			</array>
			<key>isa</key>
			<string>PBXGroup</string>
			<key>name</key>
			<string>&#39318;&#39029;image</string>
			<key>sourceTree</key>
			<string>&lt;group&gt;</string>
		</dict>
		<key>0DF158941E121E80008142D6</key>
		<dict>
			<key>isa</key>
			<string>PBXFileReference</string>
			<key>lastKnownFileType</key>
			<string>image.png</string>
			<key>path</key>
			<string>searchbar_textfield_background_os7@2x.png</string>
			<key>sourceTree</key>
			<string>&lt;group&gt;</string>
		</dict>
		<key>0DF158951E121E80008142D6</key>
		<dict>
			<key>fileRef</key>
			<string>0DF158941E121E80008142D6</string>
			<key>isa</key>
			<string>PBXBuildFile</string>
		</dict>
		<key>0DF158961E121E87008142D6</key>
		<dict>
			<key>fileEncoding</key>
			<string>4</string>
			<key>isa</key>
			<string>PBXFileReference</string>
			<key>lastKnownFileType</key>
			<string>sourcecode.c.h</string>
			<key>path</key>
			<string>GVColor.h</string>
			<key>sourceTree</key>
			<string>&lt;group&gt;</string>
		</dict>
		<key>0DF158971E121E87008142D6</key>
		<dict>
			<key>fileEncoding</key>
			<string>4</string>
			<key>isa</key>
			<string>PBXFileReference</string>
			<key>lastKnownFileType</key>
			<string>sourcecode.c.objc</string>
			<key>path</key>
			<string>GVColor.m</string>
			<key>sourceTree</key>
			<string>&lt;group&gt;</string>
		</dict>
		<key>0DF158981E121E87008142D6</key>
		<dict>
			<key>fileRef</key>
			<string>0DF158971E121E87008142D6</string>
			<key>isa</key>
			<string>PBXBuildFile</string>
		</dict>
		<key>0DF158A81E12473E008142D6</key>
		<dict>
			<key>fileEncoding</key>
			<string>4</string>
			<key>isa</key>
			<string>PBXFileReference</string>
			<key>lastKnownFileType</key>
			<string>sourcecode.c.h</string>
			<key>path</key>
			<string>HomeView.h</string>
			<key>sourceTree</key>
			<string>&lt;group&gt;</string>
		</dict>
		<key>0DF158A91E12473E008142D6</key>
		<dict>
			<key>fileEncoding</key>
			<string>4</string>
			<key>isa</key>
			<string>PBXFileReference</string>
			<key>lastKnownFileType</key>
			<string>sourcecode.c.objc</string>
			<key>path</key>
			<string>HomeView.m</string>
			<key>sourceTree</key>
			<string>&lt;group&gt;</string>
		</dict>
		<key>0DF158AA1E12473E008142D6</key>
		<dict>
			<key>fileRef</key>
			<string>0DF158A91E12473E008142D6</string>
			<key>isa</key>
			<string>PBXBuildFile</string>
		</dict>
		<key>0DF158AB1E124828008142D6</key>
		<dict>
			<key>children</key>
			<array>
				<string>BA6DB9D11E1749C9002622C8</string>
				<string>BA6DB9D21E1749C9002622C8</string>
				<string>0DE95E1A1E133A85008C762F</string>
				<string>0DC495C11E148ED100537686</string>
				<string>0DA3F6031E13A04A00E2E030</string>
				<string>0D0271FE1E13435100D3D350</string>
				<string>0DF158AE1E124845008142D6</string>
				<string>1565FD591E12333C00C68872</string>
			</array>
			<key>isa</key>
			<string>PBXGroup</string>
			<key>name</key>
			<string>&#19994;&#21153;&#22788;&#29702;</string>
			<key>sourceTree</key>
			<string>&lt;group&gt;</string>
		</dict>
		<key>0DF158AC1E124836008142D6</key>
		<dict>
			<key>children</key>
			<array>
				<string>0DF158A81E12473E008142D6</string>
				<string>0DF158A91E12473E008142D6</string>
			</array>
			<key>isa</key>
			<string>PBXGroup</string>
			<key>name</key>
			<string>V</string>
			<key>sourceTree</key>
			<string>&lt;group&gt;</string>
		</dict>
		<key>0DF158AD1E12483C008142D6</key>
		<dict>
			<key>children</key>
			<array>
				<string>0D0271FC1E13433600D3D350</string>
				<string>0D0271FD1E13434300D3D350</string>
			</array>
			<key>isa</key>
			<string>PBXGroup</string>
			<key>name</key>
			<string>&#37325;&#20889;Home</string>
			<key>sourceTree</key>
			<string>&lt;group&gt;</string>
		</dict>
		<key>0DF158AE1E124845008142D6</key>
		<dict>
			<key>children</key>
			<array>
				<string>0DF158961E121E87008142D6</string>
				<string>0DF158971E121E87008142D6</string>
			</array>
			<key>isa</key>
			<string>PBXGroup</string>
			<key>name</key>
			<string>&#39068;&#33394;&#22788;&#29702;</string>
			<key>sourceTree</key>
			<string>&lt;group&gt;</string>
		</dict>
		<key>152C96571E149BC4006BF716</key>
		<dict>
			<key>fileEncoding</key>
			<string>4</string>
			<key>isa</key>
			<string>PBXFileReference</string>
			<key>lastKnownFileType</key>
			<string>sourcecode.c.h</string>
			<key>path</key>
			<string>OrderViewController.h</string>
			<key>sourceTree</key>
			<string>&lt;group&gt;</string>
		</dict>
		<key>152C96581E149BC4006BF716</key>
		<dict>
			<key>fileEncoding</key>
			<string>4</string>
			<key>isa</key>
			<string>PBXFileReference</string>
			<key>lastKnownFileType</key>
			<string>sourcecode.c.objc</string>
			<key>path</key>
			<string>OrderViewController.m</string>
			<key>sourceTree</key>
			<string>&lt;group&gt;</string>
		</dict>
		<key>152C96591E149BC4006BF716</key>
		<dict>
			<key>fileEncoding</key>
			<string>4</string>
			<key>isa</key>
			<string>PBXFileReference</string>
			<key>lastKnownFileType</key>
			<string>sourcecode.c.h</string>
			<key>path</key>
			<string>HallViewController.h</string>
			<key>sourceTree</key>
			<string>&lt;group&gt;</string>
		</dict>
		<key>152C965A1E149BC4006BF716</key>
		<dict>
			<key>fileEncoding</key>
			<string>4</string>
			<key>isa</key>
			<string>PBXFileReference</string>
			<key>lastKnownFileType</key>
			<string>sourcecode.c.objc</string>
			<key>path</key>
			<string>HallViewController.m</string>
			<key>sourceTree</key>
			<string>&lt;group&gt;</string>
		</dict>
		<key>152C965B1E149BC4006BF716</key>
		<dict>
			<key>fileEncoding</key>
			<string>4</string>
			<key>isa</key>
			<string>PBXFileReference</string>
			<key>lastKnownFileType</key>
			<string>sourcecode.c.h</string>
			<key>path</key>
			<string>TakeViewController.h</string>
			<key>sourceTree</key>
			<string>&lt;group&gt;</string>
		</dict>
		<key>152C965C1E149BC4006BF716</key>
		<dict>
			<key>fileEncoding</key>
			<string>4</string>
			<key>isa</key>
			<string>PBXFileReference</string>
			<key>lastKnownFileType</key>
			<string>sourcecode.c.objc</string>
			<key>path</key>
			<string>TakeViewController.m</string>
			<key>sourceTree</key>
			<string>&lt;group&gt;</string>
		</dict>
		<key>152C965D1E149BC4006BF716</key>
		<dict>
			<key>fileRef</key>
			<string>152C96581E149BC4006BF716</string>
			<key>isa</key>
			<string>PBXBuildFile</string>
		</dict>
		<key>152C965E1E149BC4006BF716</key>
		<dict>
			<key>fileRef</key>
			<string>152C965A1E149BC4006BF716</string>
			<key>isa</key>
			<string>PBXBuildFile</string>
		</dict>
		<key>152C965F1E149BC4006BF716</key>
		<dict>
			<key>fileRef</key>
			<string>152C965C1E149BC4006BF716</string>
			<key>isa</key>
			<string>PBXBuildFile</string>
		</dict>
		<key>152C96601E149BE5006BF716</key>
		<dict>
			<key>fileEncoding</key>
			<string>4</string>
			<key>isa</key>
			<string>PBXFileReference</string>
			<key>lastKnownFileType</key>
			<string>sourcecode.c.h</string>
			<key>path</key>
			<string>TopScroll.h</string>
			<key>sourceTree</key>
			<string>&lt;group&gt;</string>
		</dict>
		<key>152C96611E149BE5006BF716</key>
		<dict>
			<key>fileEncoding</key>
			<string>4</string>
			<key>isa</key>
			<string>PBXFileReference</string>
			<key>lastKnownFileType</key>
			<string>sourcecode.c.objc</string>
			<key>path</key>
			<string>TopScroll.m</string>
			<key>sourceTree</key>
			<string>&lt;group&gt;</string>
		</dict>
		<key>152C96621E149BE5006BF716</key>
		<dict>
			<key>fileRef</key>
			<string>152C96611E149BE5006BF716</string>
			<key>isa</key>
			<string>PBXBuildFile</string>
		</dict>
		<key>152C96631E149BED006BF716</key>
		<dict>
			<key>fileEncoding</key>
			<string>4</string>
			<key>isa</key>
			<string>PBXFileReference</string>
			<key>lastKnownFileType</key>
			<string>sourcecode.c.h</string>
			<key>path</key>
			<string>TotalViewController.h</string>
			<key>sourceTree</key>
			<string>&lt;group&gt;</string>
		</dict>
		<key>152C96641E149BED006BF716</key>
		<dict>
			<key>fileEncoding</key>
			<string>4</string>
			<key>isa</key>
			<string>PBXFileReference</string>
			<key>lastKnownFileType</key>
			<string>sourcecode.c.objc</string>
			<key>path</key>
			<string>TotalViewController.m</string>
			<key>sourceTree</key>
			<string>&lt;group&gt;</string>
		</dict>
		<key>152C96651E149BED006BF716</key>
		<dict>
			<key>fileRef</key>
			<string>152C96641E149BED006BF716</string>
			<key>isa</key>
			<string>PBXBuildFile</string>
		</dict>
		<key>152C96661E149BFB006BF716</key>
		<dict>
			<key>fileEncoding</key>
			<string>4</string>
			<key>isa</key>
			<string>PBXFileReference</string>
			<key>lastKnownFileType</key>
			<string>sourcecode.c.h</string>
			<key>path</key>
			<string>TotalTableViewCell.h</string>
			<key>sourceTree</key>
			<string>&lt;group&gt;</string>
		</dict>
		<key>152C96671E149BFB006BF716</key>
		<dict>
			<key>fileEncoding</key>
			<string>4</string>
			<key>isa</key>
			<string>PBXFileReference</string>
			<key>lastKnownFileType</key>
			<string>sourcecode.c.objc</string>
			<key>path</key>
			<string>TotalTableViewCell.m</string>
			<key>sourceTree</key>
			<string>&lt;group&gt;</string>
		</dict>
		<key>152C96681E149BFB006BF716</key>
		<dict>
			<key>fileRef</key>
			<string>152C96671E149BFB006BF716</string>
			<key>isa</key>
			<string>PBXBuildFile</string>
		</dict>
		<key>1565FD591E12333C00C68872</key>
		<dict>
			<key>children</key>
			<array>
				<string>BA6DB9C41E15FCEA002622C8</string>
				<string>BA6DB9CE1E1679C4002622C8</string>
				<string>BA6DB9CF1E1679C4002622C8</string>
				<string>BA6567EA1E14A2570075E865</string>
				<string>BA6567EB1E14A2570075E865</string>
				<string>1565FD5D1E1236D800C68872</string>
				<string>1565FD5E1E1236D800C68872</string>
			</array>
			<key>isa</key>
			<string>PBXGroup</string>
			<key>name</key>
			<string>Tools(&#24037;&#20855;)</string>
			<key>sourceTree</key>
			<string>&lt;group&gt;</string>
		</dict>
		<key>1565FD5D1E1236D800C68872</key>
		<dict>
			<key>fileEncoding</key>
			<string>4</string>
			<key>isa</key>
			<string>PBXFileReference</string>
			<key>lastKnownFileType</key>
			<string>sourcecode.c.h</string>
			<key>path</key>
			<string>AFNManager.h</string>
			<key>sourceTree</key>
			<string>&lt;group&gt;</string>
		</dict>
		<key>1565FD5E1E1236D800C68872</key>
		<dict>
			<key>fileEncoding</key>
			<string>4</string>
			<key>isa</key>
			<string>PBXFileReference</string>
			<key>lastKnownFileType</key>
			<string>sourcecode.c.objc</string>
			<key>path</key>
			<string>AFNManager.m</string>
			<key>sourceTree</key>
			<string>&lt;group&gt;</string>
		</dict>
		<key>1565FD5F1E1236D800C68872</key>
		<dict>
			<key>fileRef</key>
			<string>1565FD5E1E1236D800C68872</string>
			<key>isa</key>
			<string>PBXBuildFile</string>
		</dict>
		<key>158D9DEC1E11391700B0FFB5</key>
		<dict>
			<key>children</key>
			<array>
				<string>158D9DF71E11391700B0FFB5</string>
				<string>158D9E111E11391700B0FFB5</string>
				<string>158D9E1C1E11391700B0FFB5</string>
				<string>158D9DF61E11391700B0FFB5</string>
				<string>03065DD12509B0CC3E4372FD</string>
				<string>C4132B805BB71942B2DEAF4C</string>
			</array>
			<key>isa</key>
			<string>PBXGroup</string>
			<key>sourceTree</key>
			<string>&lt;group&gt;</string>
		</dict>
		<key>158D9DED1E11391700B0FFB5</key>
		<dict>
			<key>attributes</key>
			<dict>
				<key>LastUpgradeCheck</key>
				<string>0810</string>
				<key>ORGANIZATIONNAME</key>
				<string>OneGroup</string>
				<key>TargetAttributes</key>
				<dict>
					<key>158D9DF41E11391700B0FFB5</key>
					<dict>
						<key>CreatedOnToolsVersion</key>
						<string>8.1</string>
						<key>ProvisioningStyle</key>
						<string>Automatic</string>
					</dict>
					<key>158D9E0D1E11391700B0FFB5</key>
					<dict>
						<key>CreatedOnToolsVersion</key>
						<string>8.1</string>
						<key>ProvisioningStyle</key>
						<string>Automatic</string>
						<key>TestTargetID</key>
						<string>158D9DF41E11391700B0FFB5</string>
					</dict>
					<key>158D9E181E11391700B0FFB5</key>
					<dict>
						<key>CreatedOnToolsVersion</key>
						<string>8.1</string>
						<key>ProvisioningStyle</key>
						<string>Automatic</string>
						<key>TestTargetID</key>
						<string>158D9DF41E11391700B0FFB5</string>
					</dict>
				</dict>
			</dict>
			<key>buildConfigurationList</key>
			<string>158D9DF01E11391700B0FFB5</string>
			<key>compatibilityVersion</key>
			<string>Xcode 3.2</string>
			<key>developmentRegion</key>
			<string>English</string>
			<key>hasScannedForEncodings</key>
			<string>0</string>
			<key>isa</key>
			<string>PBXProject</string>
			<key>knownRegions</key>
			<array>
				<string>en</string>
				<string>Base</string>
			</array>
			<key>mainGroup</key>
			<string>158D9DEC1E11391700B0FFB5</string>
			<key>productRefGroup</key>
			<string>158D9DF61E11391700B0FFB5</string>
			<key>projectDirPath</key>
			<string></string>
			<key>projectReferences</key>
			<array/>
			<key>projectRoot</key>
			<string></string>
			<key>targets</key>
			<array>
				<string>158D9DF41E11391700B0FFB5</string>
				<string>158D9E0D1E11391700B0FFB5</string>
				<string>158D9E181E11391700B0FFB5</string>
			</array>
		</dict>
		<key>158D9DF01E11391700B0FFB5</key>
		<dict>
			<key>buildConfigurations</key>
			<array>
				<string>158D9E201E11391700B0FFB5</string>
				<string>158D9E211E11391700B0FFB5</string>
			</array>
			<key>defaultConfigurationIsVisible</key>
			<string>0</string>
			<key>defaultConfigurationName</key>
			<string>Release</string>
			<key>isa</key>
			<string>XCConfigurationList</string>
		</dict>
		<key>158D9DF11E11391700B0FFB5</key>
		<dict>
			<key>buildActionMask</key>
			<string>2147483647</string>
			<key>files</key>
			<array>
				<string>0DA3F5F71E1389C600E2E030</string>
				<string>BA6567E81E14A2130075E865</string>
				<string>152C96681E149BFB006BF716</string>
				<string>0DC495BF1E148EBA00537686</string>
				<string>152C96651E149BED006BF716</string>
				<string>158D9E3C1E113A9800B0FFB5</string>
				<string>0DA3F60B1E13A04A00E2E030</string>
				<string>0DC495CA1E15202F00537686</string>
				<string>152C965F1E149BC4006BF716</string>
				<string>0D0271FA1E13432E00D3D350</string>
				<string>0DF158981E121E87008142D6</string>
				<string>1565FD5F1E1236D800C68872</string>
				<string>158D9DFD1E11391700B0FFB5</string>
				<string>0DC495BC1E13CDC700537686</string>
				<string>152C965E1E149BC4006BF716</string>
				<string>152C96621E149BE5006BF716</string>
				<string>158D9E2D1E11395500B0FFB5</string>
				<string>152C965D1E149BC4006BF716</string>
				<string>BA6DB9CB1E1670AC002622C8</string>
				<string>0DF158AA1E12473E008142D6</string>
				<string>BA6DB9D31E1749C9002622C8</string>
				<string>BA6DB9C71E15FD08002622C8</string>
				<string>BA6DB9D01E1679C4002622C8</string>
				<string>158D9E361E113A5900B0FFB5</string>
				<string>BA6DB9D71E174AA2002622C8</string>
				<string>0DA3F60C1E13A04A00E2E030</string>
				<string>0D4421511E12861A00B31284</string>
				<string>158D9E331E113A3400B0FFB5</string>
				<string>BA6567EC1E14A2570075E865</string>
				<string>0DA3F60A1E13A04A00E2E030</string>
				<string>158D9DFA1E11391700B0FFB5</string>
			</array>
			<key>isa</key>
			<string>PBXSourcesBuildPhase</string>
			<key>runOnlyForDeploymentPostprocessing</key>
			<string>0</string>
		</dict>
		<key>158D9DF21E11391700B0FFB5</key>
		<dict>
			<key>buildActionMask</key>
			<string>2147483647</string>
			<key>files</key>
			<array>
				<string>AE83ACED9814D0DC4710253A</string>
			</array>
			<key>isa</key>
			<string>PBXFrameworksBuildPhase</string>
			<key>runOnlyForDeploymentPostprocessing</key>
			<string>0</string>
		</dict>
		<key>158D9DF31E11391700B0FFB5</key>
		<dict>
			<key>buildActionMask</key>
			<string>2147483647</string>
			<key>files</key>
			<array>
				<string>0DC495CD1E152EA700537686</string>
				<string>0DE95E191E1336B3008C762F</string>
				<string>0DC495C61E14E00C00537686</string>
				<string>0DA3F5F81E1389C600E2E030</string>
				<string>158D9E081E11391700B0FFB5</string>
				<string>0DE95E171E1336B3008C762F</string>
				<string>BA6DB9D81E174AA2002622C8</string>
				<string>0DE95E181E1336B3008C762F</string>
				<string>0DF158951E121E80008142D6</string>
				<string>158D9E051E11391700B0FFB5</string>
				<string>0DC495CB1E15202F00537686</string>
			</array>
			<key>isa</key>
			<string>PBXResourcesBuildPhase</string>
			<key>runOnlyForDeploymentPostprocessing</key>
			<string>0</string>
		</dict>
		<key>158D9DF41E11391700B0FFB5</key>
		<dict>
			<key>buildConfigurationList</key>
			<string>158D9E221E11391700B0FFB5</string>
			<key>buildPhases</key>
			<array>
				<string>B8D955B58218B704948A6217</string>
				<string>158D9DF11E11391700B0FFB5</string>
				<string>158D9DF21E11391700B0FFB5</string>
				<string>158D9DF31E11391700B0FFB5</string>
				<string>FD59509591921B1506D755F2</string>
				<string>D3888DC0ADA96947FB7F1629</string>
			</array>
			<key>buildRules</key>
			<array/>
			<key>dependencies</key>
			<array/>
			<key>isa</key>
			<string>PBXNativeTarget</string>
			<key>name</key>
			<string>&#28857;&#21543;</string>
			<key>productName</key>
			<string>&#28857;&#21543;</string>
			<key>productReference</key>
			<string>158D9DF51E11391700B0FFB5</string>
			<key>productType</key>
			<string>com.apple.product-type.application</string>
		</dict>
		<key>158D9DF51E11391700B0FFB5</key>
		<dict>
			<key>explicitFileType</key>
			<string>wrapper.application</string>
			<key>includeInIndex</key>
			<string>0</string>
			<key>isa</key>
			<string>PBXFileReference</string>
			<key>path</key>
			<string>&#28857;&#21543;.app</string>
			<key>sourceTree</key>
			<string>BUILT_PRODUCTS_DIR</string>
		</dict>
		<key>158D9DF61E11391700B0FFB5</key>
		<dict>
			<key>children</key>
			<array>
				<string>158D9DF51E11391700B0FFB5</string>
				<string>158D9E0E1E11391700B0FFB5</string>
				<string>158D9E191E11391700B0FFB5</string>
			</array>
			<key>isa</key>
			<string>PBXGroup</string>
			<key>name</key>
			<string>Products</string>
			<key>sourceTree</key>
			<string>&lt;group&gt;</string>
		</dict>
		<key>158D9DF71E11391700B0FFB5</key>
		<dict>
			<key>children</key>
			<array>
				<string>158D9DFB1E11391700B0FFB5</string>
				<string>158D9DFC1E11391700B0FFB5</string>
				<string>158D9E3F1E113AB900B0FFB5</string>
				<string>158D9E401E113AC800B0FFB5</string>
				<string>158D9E411E113AE900B0FFB5</string>
				<string>158D9E421E113B0700B0FFB5</string>
				<string>BA6DB9C81E16708C002622C8</string>
				<string>0DF158AB1E124828008142D6</string>
				<string>158D9E2B1E11395500B0FFB5</string>
				<string>158D9E2C1E11395500B0FFB5</string>
				<string>158D9E041E11391700B0FFB5</string>
				<string>158D9E061E11391700B0FFB5</string>
				<string>158D9E091E11391700B0FFB5</string>
				<string>158D9DF81E11391700B0FFB5</string>
			</array>
			<key>isa</key>
			<string>PBXGroup</string>
			<key>path</key>
			<string>&#28857;&#21543;</string>
			<key>sourceTree</key>
			<string>&lt;group&gt;</string>
		</dict>
		<key>158D9DF81E11391700B0FFB5</key>
		<dict>
			<key>children</key>
			<array>
				<string>158D9DF91E11391700B0FFB5</string>
			</array>
			<key>isa</key>
			<string>PBXGroup</string>
			<key>name</key>
			<string>Supporting Files</string>
			<key>sourceTree</key>
			<string>&lt;group&gt;</string>
		</dict>
		<key>158D9DF91E11391700B0FFB5</key>
		<dict>
			<key>isa</key>
			<string>PBXFileReference</string>
			<key>lastKnownFileType</key>
			<string>sourcecode.c.objc</string>
			<key>path</key>
			<string>main.m</string>
			<key>sourceTree</key>
			<string>&lt;group&gt;</string>
		</dict>
		<key>158D9DFA1E11391700B0FFB5</key>
		<dict>
			<key>fileRef</key>
			<string>158D9DF91E11391700B0FFB5</string>
			<key>isa</key>
			<string>PBXBuildFile</string>
		</dict>
		<key>158D9DFB1E11391700B0FFB5</key>
		<dict>
			<key>isa</key>
			<string>PBXFileReference</string>
			<key>lastKnownFileType</key>
			<string>sourcecode.c.h</string>
			<key>path</key>
			<string>AppDelegate.h</string>
			<key>sourceTree</key>
			<string>&lt;group&gt;</string>
		</dict>
		<key>158D9DFC1E11391700B0FFB5</key>
		<dict>
			<key>isa</key>
			<string>PBXFileReference</string>
			<key>lastKnownFileType</key>
			<string>sourcecode.c.objc</string>
			<key>path</key>
			<string>AppDelegate.m</string>
			<key>sourceTree</key>
			<string>&lt;group&gt;</string>
		</dict>
		<key>158D9DFD1E11391700B0FFB5</key>
		<dict>
			<key>fileRef</key>
			<string>158D9DFC1E11391700B0FFB5</string>
			<key>isa</key>
			<string>PBXBuildFile</string>
		</dict>
		<key>158D9E041E11391700B0FFB5</key>
		<dict>
			<key>isa</key>
			<string>PBXFileReference</string>
			<key>lastKnownFileType</key>
			<string>folder.assetcatalog</string>
			<key>path</key>
			<string>Assets.xcassets</string>
			<key>sourceTree</key>
			<string>&lt;group&gt;</string>
		</dict>
		<key>158D9E051E11391700B0FFB5</key>
		<dict>
			<key>fileRef</key>
			<string>158D9E041E11391700B0FFB5</string>
			<key>isa</key>
			<string>PBXBuildFile</string>
		</dict>
		<key>158D9E061E11391700B0FFB5</key>
		<dict>
			<key>children</key>
			<array>
				<string>158D9E071E11391700B0FFB5</string>
			</array>
			<key>isa</key>
			<string>PBXVariantGroup</string>
			<key>name</key>
			<string>LaunchScreen.storyboard</string>
			<key>sourceTree</key>
			<string>&lt;group&gt;</string>
		</dict>
		<key>158D9E071E11391700B0FFB5</key>
		<dict>
			<key>isa</key>
			<string>PBXFileReference</string>
			<key>lastKnownFileType</key>
			<string>file.storyboard</string>
			<key>name</key>
			<string>Base</string>
			<key>path</key>
			<string>Base.lproj/LaunchScreen.storyboard</string>
			<key>sourceTree</key>
			<string>&lt;group&gt;</string>
		</dict>
		<key>158D9E081E11391700B0FFB5</key>
		<dict>
			<key>fileRef</key>
			<string>158D9E061E11391700B0FFB5</string>
			<key>isa</key>
			<string>PBXBuildFile</string>
		</dict>
		<key>158D9E091E11391700B0FFB5</key>
		<dict>
			<key>isa</key>
			<string>PBXFileReference</string>
			<key>lastKnownFileType</key>
			<string>text.plist.xml</string>
			<key>path</key>
			<string>Info.plist</string>
			<key>sourceTree</key>
			<string>&lt;group&gt;</string>
		</dict>
		<key>158D9E0A1E11391700B0FFB5</key>
		<dict>
			<key>buildActionMask</key>
			<string>2147483647</string>
			<key>files</key>
			<array>
				<string>158D9E131E11391700B0FFB5</string>
			</array>
			<key>isa</key>
			<string>PBXSourcesBuildPhase</string>
			<key>runOnlyForDeploymentPostprocessing</key>
			<string>0</string>
		</dict>
		<key>158D9E0B1E11391700B0FFB5</key>
		<dict>
			<key>buildActionMask</key>
			<string>2147483647</string>
			<key>files</key>
			<array/>
			<key>isa</key>
			<string>PBXFrameworksBuildPhase</string>
			<key>runOnlyForDeploymentPostprocessing</key>
			<string>0</string>
		</dict>
		<key>158D9E0C1E11391700B0FFB5</key>
		<dict>
			<key>buildActionMask</key>
			<string>2147483647</string>
			<key>files</key>
			<array/>
			<key>isa</key>
			<string>PBXResourcesBuildPhase</string>
			<key>runOnlyForDeploymentPostprocessing</key>
			<string>0</string>
		</dict>
		<key>158D9E0D1E11391700B0FFB5</key>
		<dict>
			<key>buildConfigurationList</key>
			<string>158D9E251E11391700B0FFB5</string>
			<key>buildPhases</key>
			<array>
				<string>158D9E0A1E11391700B0FFB5</string>
				<string>158D9E0B1E11391700B0FFB5</string>
				<string>158D9E0C1E11391700B0FFB5</string>
			</array>
			<key>buildRules</key>
			<array/>
			<key>dependencies</key>
			<array>
				<string>158D9E101E11391700B0FFB5</string>
			</array>
			<key>isa</key>
			<string>PBXNativeTarget</string>
			<key>name</key>
			<string>&#28857;&#21543;Tests</string>
			<key>productName</key>
			<string>&#28857;&#21543;Tests</string>
			<key>productReference</key>
			<string>158D9E0E1E11391700B0FFB5</string>
			<key>productType</key>
			<string>com.apple.product-type.bundle.unit-test</string>
		</dict>
		<key>158D9E0E1E11391700B0FFB5</key>
		<dict>
			<key>explicitFileType</key>
			<string>wrapper.cfbundle</string>
			<key>includeInIndex</key>
			<string>0</string>
			<key>isa</key>
			<string>PBXFileReference</string>
			<key>path</key>
			<string>&#28857;&#21543;Tests.xctest</string>
			<key>sourceTree</key>
			<string>BUILT_PRODUCTS_DIR</string>
		</dict>
		<key>158D9E0F1E11391700B0FFB5</key>
		<dict>
			<key>containerPortal</key>
			<string>158D9DED1E11391700B0FFB5</string>
			<key>isa</key>
			<string>PBXContainerItemProxy</string>
			<key>proxyType</key>
			<string>1</string>
			<key>remoteGlobalIDString</key>
			<string>158D9DF41E11391700B0FFB5</string>
			<key>remoteInfo</key>
			<string>&#28857;&#21543;</string>
		</dict>
		<key>158D9E101E11391700B0FFB5</key>
		<dict>
			<key>isa</key>
			<string>PBXTargetDependency</string>
			<key>target</key>
			<string>158D9DF41E11391700B0FFB5</string>
			<key>targetProxy</key>
			<string>158D9E0F1E11391700B0FFB5</string>
		</dict>
		<key>158D9E111E11391700B0FFB5</key>
		<dict>
			<key>children</key>
			<array>
				<string>158D9E121E11391700B0FFB5</string>
				<string>158D9E141E11391700B0FFB5</string>
			</array>
			<key>isa</key>
			<string>PBXGroup</string>
			<key>path</key>
			<string>&#28857;&#21543;Tests</string>
			<key>sourceTree</key>
			<string>&lt;group&gt;</string>
		</dict>
		<key>158D9E121E11391700B0FFB5</key>
		<dict>
			<key>isa</key>
			<string>PBXFileReference</string>
			<key>lastKnownFileType</key>
			<string>sourcecode.c.objc</string>
			<key>path</key>
			<string>__Tests.m</string>
			<key>sourceTree</key>
			<string>&lt;group&gt;</string>
		</dict>
		<key>158D9E131E11391700B0FFB5</key>
		<dict>
			<key>fileRef</key>
			<string>158D9E121E11391700B0FFB5</string>
			<key>isa</key>
			<string>PBXBuildFile</string>
		</dict>
		<key>158D9E141E11391700B0FFB5</key>
		<dict>
			<key>isa</key>
			<string>PBXFileReference</string>
			<key>lastKnownFileType</key>
			<string>text.plist.xml</string>
			<key>path</key>
			<string>Info.plist</string>
			<key>sourceTree</key>
			<string>&lt;group&gt;</string>
		</dict>
		<key>158D9E151E11391700B0FFB5</key>
		<dict>
			<key>buildActionMask</key>
			<string>2147483647</string>
			<key>files</key>
			<array>
				<string>158D9E1E1E11391700B0FFB5</string>
			</array>
			<key>isa</key>
			<string>PBXSourcesBuildPhase</string>
			<key>runOnlyForDeploymentPostprocessing</key>
			<string>0</string>
		</dict>
		<key>158D9E161E11391700B0FFB5</key>
		<dict>
			<key>buildActionMask</key>
			<string>2147483647</string>
			<key>files</key>
			<array/>
			<key>isa</key>
			<string>PBXFrameworksBuildPhase</string>
			<key>runOnlyForDeploymentPostprocessing</key>
			<string>0</string>
		</dict>
		<key>158D9E171E11391700B0FFB5</key>
		<dict>
			<key>buildActionMask</key>
			<string>2147483647</string>
			<key>files</key>
			<array/>
			<key>isa</key>
			<string>PBXResourcesBuildPhase</string>
			<key>runOnlyForDeploymentPostprocessing</key>
			<string>0</string>
		</dict>
		<key>158D9E181E11391700B0FFB5</key>
		<dict>
			<key>buildConfigurationList</key>
			<string>158D9E281E11391700B0FFB5</string>
			<key>buildPhases</key>
			<array>
				<string>158D9E151E11391700B0FFB5</string>
				<string>158D9E161E11391700B0FFB5</string>
				<string>158D9E171E11391700B0FFB5</string>
			</array>
			<key>buildRules</key>
			<array/>
			<key>dependencies</key>
			<array>
				<string>158D9E1B1E11391700B0FFB5</string>
			</array>
			<key>isa</key>
			<string>PBXNativeTarget</string>
			<key>name</key>
			<string>&#28857;&#21543;UITests</string>
			<key>productName</key>
			<string>&#28857;&#21543;UITests</string>
			<key>productReference</key>
			<string>158D9E191E11391700B0FFB5</string>
			<key>productType</key>
			<string>com.apple.product-type.bundle.ui-testing</string>
		</dict>
		<key>158D9E191E11391700B0FFB5</key>
		<dict>
			<key>explicitFileType</key>
			<string>wrapper.cfbundle</string>
			<key>includeInIndex</key>
			<string>0</string>
			<key>isa</key>
			<string>PBXFileReference</string>
			<key>path</key>
			<string>&#28857;&#21543;UITests.xctest</string>
			<key>sourceTree</key>
			<string>BUILT_PRODUCTS_DIR</string>
		</dict>
		<key>158D9E1A1E11391700B0FFB5</key>
		<dict>
			<key>containerPortal</key>
			<string>158D9DED1E11391700B0FFB5</string>
			<key>isa</key>
			<string>PBXContainerItemProxy</string>
			<key>proxyType</key>
			<string>1</string>
			<key>remoteGlobalIDString</key>
			<string>158D9DF41E11391700B0FFB5</string>
			<key>remoteInfo</key>
			<string>&#28857;&#21543;</string>
		</dict>
		<key>158D9E1B1E11391700B0FFB5</key>
		<dict>
			<key>isa</key>
			<string>PBXTargetDependency</string>
			<key>target</key>
			<string>158D9DF41E11391700B0FFB5</string>
			<key>targetProxy</key>
			<string>158D9E1A1E11391700B0FFB5</string>
		</dict>
		<key>158D9E1C1E11391700B0FFB5</key>
		<dict>
			<key>children</key>
			<array>
				<string>158D9E1D1E11391700B0FFB5</string>
				<string>158D9E1F1E11391700B0FFB5</string>
			</array>
			<key>isa</key>
			<string>PBXGroup</string>
			<key>path</key>
			<string>&#28857;&#21543;UITests</string>
			<key>sourceTree</key>
			<string>&lt;group&gt;</string>
		</dict>
		<key>158D9E1D1E11391700B0FFB5</key>
		<dict>
			<key>isa</key>
			<string>PBXFileReference</string>
			<key>lastKnownFileType</key>
			<string>sourcecode.c.objc</string>
			<key>path</key>
			<string>__UITests.m</string>
			<key>sourceTree</key>
			<string>&lt;group&gt;</string>
		</dict>
		<key>158D9E1E1E11391700B0FFB5</key>
		<dict>
			<key>fileRef</key>
			<string>158D9E1D1E11391700B0FFB5</string>
			<key>isa</key>
			<string>PBXBuildFile</string>
		</dict>
		<key>158D9E1F1E11391700B0FFB5</key>
		<dict>
			<key>isa</key>
			<string>PBXFileReference</string>
			<key>lastKnownFileType</key>
			<string>text.plist.xml</string>
			<key>path</key>
			<string>Info.plist</string>
			<key>sourceTree</key>
			<string>&lt;group&gt;</string>
		</dict>
		<key>158D9E201E11391700B0FFB5</key>
		<dict>
			<key>buildSettings</key>
			<dict>
				<key>ALWAYS_SEARCH_USER_PATHS</key>
				<string>NO</string>
				<key>CLANG_ANALYZER_NONNULL</key>
				<string>YES</string>
				<key>CLANG_CXX_LANGUAGE_STANDARD</key>
				<string>gnu++0x</string>
				<key>CLANG_CXX_LIBRARY</key>
				<string>libc++</string>
				<key>CLANG_ENABLE_MODULES</key>
				<string>YES</string>
				<key>CLANG_ENABLE_OBJC_ARC</key>
				<string>YES</string>
				<key>CLANG_WARN_BOOL_CONVERSION</key>
				<string>YES</string>
				<key>CLANG_WARN_CONSTANT_CONVERSION</key>
				<string>YES</string>
				<key>CLANG_WARN_DIRECT_OBJC_ISA_USAGE</key>
				<string>YES_ERROR</string>
				<key>CLANG_WARN_DOCUMENTATION_COMMENTS</key>
				<string>YES</string>
				<key>CLANG_WARN_EMPTY_BODY</key>
				<string>YES</string>
				<key>CLANG_WARN_ENUM_CONVERSION</key>
				<string>YES</string>
				<key>CLANG_WARN_INFINITE_RECURSION</key>
				<string>YES</string>
				<key>CLANG_WARN_INT_CONVERSION</key>
				<string>YES</string>
				<key>CLANG_WARN_OBJC_ROOT_CLASS</key>
				<string>YES_ERROR</string>
				<key>CLANG_WARN_SUSPICIOUS_MOVES</key>
				<string>YES</string>
				<key>CLANG_WARN_UNREACHABLE_CODE</key>
				<string>YES</string>
				<key>CLANG_WARN__DUPLICATE_METHOD_MATCH</key>
				<string>YES</string>
				<key>CODE_SIGN_IDENTITY[sdk=iphoneos*]</key>
				<string>iPhone Developer</string>
				<key>COPY_PHASE_STRIP</key>
				<string>NO</string>
				<key>DEBUG_INFORMATION_FORMAT</key>
				<string>dwarf</string>
				<key>ENABLE_STRICT_OBJC_MSGSEND</key>
				<string>YES</string>
				<key>ENABLE_TESTABILITY</key>
				<string>YES</string>
				<key>GCC_C_LANGUAGE_STANDARD</key>
				<string>gnu99</string>
				<key>GCC_DYNAMIC_NO_PIC</key>
				<string>NO</string>
				<key>GCC_NO_COMMON_BLOCKS</key>
				<string>YES</string>
				<key>GCC_OPTIMIZATION_LEVEL</key>
				<string>0</string>
				<key>GCC_PREPROCESSOR_DEFINITIONS</key>
				<array>
					<string>DEBUG=1</string>
					<string>$(inherited)</string>
				</array>
				<key>GCC_WARN_64_TO_32_BIT_CONVERSION</key>
				<string>YES</string>
				<key>GCC_WARN_ABOUT_RETURN_TYPE</key>
				<string>YES_ERROR</string>
				<key>GCC_WARN_UNDECLARED_SELECTOR</key>
				<string>YES</string>
				<key>GCC_WARN_UNINITIALIZED_AUTOS</key>
				<string>YES_AGGRESSIVE</string>
				<key>GCC_WARN_UNUSED_FUNCTION</key>
				<string>YES</string>
				<key>GCC_WARN_UNUSED_VARIABLE</key>
				<string>YES</string>
				<key>IPHONEOS_DEPLOYMENT_TARGET</key>
				<string>10.1</string>
				<key>MTL_ENABLE_DEBUG_INFO</key>
				<string>YES</string>
				<key>ONLY_ACTIVE_ARCH</key>
				<string>YES</string>
				<key>SDKROOT</key>
				<string>iphoneos</string>
				<key>TARGETED_DEVICE_FAMILY</key>
				<string>1,2</string>
			</dict>
			<key>isa</key>
			<string>XCBuildConfiguration</string>
			<key>name</key>
			<string>Debug</string>
		</dict>
		<key>158D9E211E11391700B0FFB5</key>
		<dict>
			<key>buildSettings</key>
			<dict>
				<key>ALWAYS_SEARCH_USER_PATHS</key>
				<string>NO</string>
				<key>CLANG_ANALYZER_NONNULL</key>
				<string>YES</string>
				<key>CLANG_CXX_LANGUAGE_STANDARD</key>
				<string>gnu++0x</string>
				<key>CLANG_CXX_LIBRARY</key>
				<string>libc++</string>
				<key>CLANG_ENABLE_MODULES</key>
				<string>YES</string>
				<key>CLANG_ENABLE_OBJC_ARC</key>
				<string>YES</string>
				<key>CLANG_WARN_BOOL_CONVERSION</key>
				<string>YES</string>
				<key>CLANG_WARN_CONSTANT_CONVERSION</key>
				<string>YES</string>
				<key>CLANG_WARN_DIRECT_OBJC_ISA_USAGE</key>
				<string>YES_ERROR</string>
				<key>CLANG_WARN_DOCUMENTATION_COMMENTS</key>
				<string>YES</string>
				<key>CLANG_WARN_EMPTY_BODY</key>
				<string>YES</string>
				<key>CLANG_WARN_ENUM_CONVERSION</key>
				<string>YES</string>
				<key>CLANG_WARN_INFINITE_RECURSION</key>
				<string>YES</string>
				<key>CLANG_WARN_INT_CONVERSION</key>
				<string>YES</string>
				<key>CLANG_WARN_OBJC_ROOT_CLASS</key>
				<string>YES_ERROR</string>
				<key>CLANG_WARN_SUSPICIOUS_MOVES</key>
				<string>YES</string>
				<key>CLANG_WARN_UNREACHABLE_CODE</key>
				<string>YES</string>
				<key>CLANG_WARN__DUPLICATE_METHOD_MATCH</key>
				<string>YES</string>
				<key>CODE_SIGN_IDENTITY[sdk=iphoneos*]</key>
				<string>iPhone Developer</string>
				<key>COPY_PHASE_STRIP</key>
				<string>NO</string>
				<key>DEBUG_INFORMATION_FORMAT</key>
				<string>dwarf-with-dsym</string>
				<key>ENABLE_NS_ASSERTIONS</key>
				<string>NO</string>
				<key>ENABLE_STRICT_OBJC_MSGSEND</key>
				<string>YES</string>
				<key>GCC_C_LANGUAGE_STANDARD</key>
				<string>gnu99</string>
				<key>GCC_NO_COMMON_BLOCKS</key>
				<string>YES</string>
				<key>GCC_WARN_64_TO_32_BIT_CONVERSION</key>
				<string>YES</string>
				<key>GCC_WARN_ABOUT_RETURN_TYPE</key>
				<string>YES_ERROR</string>
				<key>GCC_WARN_UNDECLARED_SELECTOR</key>
				<string>YES</string>
				<key>GCC_WARN_UNINITIALIZED_AUTOS</key>
				<string>YES_AGGRESSIVE</string>
				<key>GCC_WARN_UNUSED_FUNCTION</key>
				<string>YES</string>
				<key>GCC_WARN_UNUSED_VARIABLE</key>
				<string>YES</string>
				<key>IPHONEOS_DEPLOYMENT_TARGET</key>
				<string>10.1</string>
				<key>MTL_ENABLE_DEBUG_INFO</key>
				<string>NO</string>
				<key>SDKROOT</key>
				<string>iphoneos</string>
				<key>TARGETED_DEVICE_FAMILY</key>
				<string>1,2</string>
				<key>VALIDATE_PRODUCT</key>
				<string>YES</string>
			</dict>
			<key>isa</key>
			<string>XCBuildConfiguration</string>
			<key>name</key>
			<string>Release</string>
		</dict>
		<key>158D9E221E11391700B0FFB5</key>
		<dict>
			<key>buildConfigurations</key>
			<array>
				<string>158D9E231E11391700B0FFB5</string>
				<string>158D9E241E11391700B0FFB5</string>
			</array>
			<key>defaultConfigurationIsVisible</key>
			<string>0</string>
			<key>defaultConfigurationName</key>
			<string>Release</string>
			<key>isa</key>
			<string>XCConfigurationList</string>
		</dict>
		<key>158D9E231E11391700B0FFB5</key>
		<dict>
			<key>baseConfigurationReference</key>
			<string>97547ACC4F1497BB380CE534</string>
			<key>buildSettings</key>
			<dict>
				<key>ASSETCATALOG_COMPILER_APPICON_NAME</key>
				<string>AppIcon</string>
				<key>GCC_PRECOMPILE_PREFIX_HEADER</key>
				<string>YES</string>
				<key>GCC_PREFIX_HEADER</key>
				<string>&#28857;&#21543;/AllFrame.pch</string>
				<key>INFOPLIST_FILE</key>
				<string>&#28857;&#21543;/Info.plist</string>
				<key>IPHONEOS_DEPLOYMENT_TARGET</key>
				<string>9.0</string>
				<key>LD_RUNPATH_SEARCH_PATHS</key>
				<string>$(inherited) @executable_path/Frameworks</string>
				<key>PRODUCT_BUNDLE_IDENTIFIER</key>
				<string>OneGroup.--</string>
				<key>PRODUCT_NAME</key>
				<string>$(TARGET_NAME)</string>
				<key>TARGETED_DEVICE_FAMILY</key>
				<string>1</string>
			</dict>
			<key>isa</key>
			<string>XCBuildConfiguration</string>
			<key>name</key>
			<string>Debug</string>
		</dict>
		<key>158D9E241E11391700B0FFB5</key>
		<dict>
			<key>baseConfigurationReference</key>
			<string>97A7F1458D1BCA79813BE22D</string>
			<key>buildSettings</key>
			<dict>
				<key>ASSETCATALOG_COMPILER_APPICON_NAME</key>
				<string>AppIcon</string>
				<key>GCC_PRECOMPILE_PREFIX_HEADER</key>
				<string>YES</string>
				<key>GCC_PREFIX_HEADER</key>
				<string>&#28857;&#21543;/AllFrame.pch</string>
				<key>INFOPLIST_FILE</key>
				<string>&#28857;&#21543;/Info.plist</string>
				<key>IPHONEOS_DEPLOYMENT_TARGET</key>
				<string>9.0</string>
				<key>LD_RUNPATH_SEARCH_PATHS</key>
				<string>$(inherited) @executable_path/Frameworks</string>
				<key>PRODUCT_BUNDLE_IDENTIFIER</key>
				<string>OneGroup.--</string>
				<key>PRODUCT_NAME</key>
				<string>$(TARGET_NAME)</string>
				<key>TARGETED_DEVICE_FAMILY</key>
				<string>1</string>
			</dict>
			<key>isa</key>
			<string>XCBuildConfiguration</string>
			<key>name</key>
			<string>Release</string>
		</dict>
		<key>158D9E251E11391700B0FFB5</key>
		<dict>
			<key>buildConfigurations</key>
			<array>
				<string>158D9E261E11391700B0FFB5</string>
				<string>158D9E271E11391700B0FFB5</string>
			</array>
			<key>defaultConfigurationIsVisible</key>
			<string>0</string>
			<key>defaultConfigurationName</key>
			<string>Release</string>
			<key>isa</key>
			<string>XCConfigurationList</string>
		</dict>
		<key>158D9E261E11391700B0FFB5</key>
		<dict>
			<key>buildSettings</key>
			<dict>
				<key>BUNDLE_LOADER</key>
				<string>$(TEST_HOST)</string>
				<key>INFOPLIST_FILE</key>
				<string>&#28857;&#21543;Tests/Info.plist</string>
				<key>LD_RUNPATH_SEARCH_PATHS</key>
				<string>$(inherited) @executable_path/Frameworks @loader_path/Frameworks</string>
				<key>PRODUCT_BUNDLE_IDENTIFIER</key>
				<string>OneGroup.--Tests</string>
				<key>PRODUCT_NAME</key>
				<string>$(TARGET_NAME)</string>
				<key>TEST_HOST</key>
				<string>$(BUILT_PRODUCTS_DIR)/&#28857;&#21543;.app/&#28857;&#21543;</string>
			</dict>
			<key>isa</key>
			<string>XCBuildConfiguration</string>
			<key>name</key>
			<string>Debug</string>
		</dict>
		<key>158D9E271E11391700B0FFB5</key>
		<dict>
			<key>buildSettings</key>
			<dict>
				<key>BUNDLE_LOADER</key>
				<string>$(TEST_HOST)</string>
				<key>INFOPLIST_FILE</key>
				<string>&#28857;&#21543;Tests/Info.plist</string>
				<key>LD_RUNPATH_SEARCH_PATHS</key>
				<string>$(inherited) @executable_path/Frameworks @loader_path/Frameworks</string>
				<key>PRODUCT_BUNDLE_IDENTIFIER</key>
				<string>OneGroup.--Tests</string>
				<key>PRODUCT_NAME</key>
				<string>$(TARGET_NAME)</string>
				<key>TEST_HOST</key>
				<string>$(BUILT_PRODUCTS_DIR)/&#28857;&#21543;.app/&#28857;&#21543;</string>
			</dict>
			<key>isa</key>
			<string>XCBuildConfiguration</string>
			<key>name</key>
			<string>Release</string>
		</dict>
		<key>158D9E281E11391700B0FFB5</key>
		<dict>
			<key>buildConfigurations</key>
			<array>
				<string>158D9E291E11391700B0FFB5</string>
				<string>158D9E2A1E11391700B0FFB5</string>
			</array>
			<key>defaultConfigurationIsVisible</key>
			<string>0</string>
			<key>defaultConfigurationName</key>
			<string>Release</string>
			<key>isa</key>
			<string>XCConfigurationList</string>
		</dict>
		<key>158D9E291E11391700B0FFB5</key>
		<dict>
			<key>buildSettings</key>
			<dict>
				<key>INFOPLIST_FILE</key>
				<string>&#28857;&#21543;UITests/Info.plist</string>
				<key>LD_RUNPATH_SEARCH_PATHS</key>
				<string>$(inherited) @executable_path/Frameworks @loader_path/Frameworks</string>
				<key>PRODUCT_BUNDLE_IDENTIFIER</key>
				<string>OneGroup.--UITests</string>
				<key>PRODUCT_NAME</key>
				<string>$(TARGET_NAME)</string>
				<key>TEST_TARGET_NAME</key>
				<string>&#28857;&#21543;</string>
			</dict>
			<key>isa</key>
			<string>XCBuildConfiguration</string>
			<key>name</key>
			<string>Debug</string>
		</dict>
		<key>158D9E2A1E11391700B0FFB5</key>
		<dict>
			<key>buildSettings</key>
			<dict>
				<key>INFOPLIST_FILE</key>
				<string>&#28857;&#21543;UITests/Info.plist</string>
				<key>LD_RUNPATH_SEARCH_PATHS</key>
				<string>$(inherited) @executable_path/Frameworks @loader_path/Frameworks</string>
				<key>PRODUCT_BUNDLE_IDENTIFIER</key>
				<string>OneGroup.--UITests</string>
				<key>PRODUCT_NAME</key>
				<string>$(TARGET_NAME)</string>
				<key>TEST_TARGET_NAME</key>
				<string>&#28857;&#21543;</string>
			</dict>
			<key>isa</key>
			<string>XCBuildConfiguration</string>
			<key>name</key>
			<string>Release</string>
		</dict>
		<key>158D9E2B1E11395500B0FFB5</key>
		<dict>
			<key>fileEncoding</key>
			<string>4</string>
			<key>isa</key>
			<string>PBXFileReference</string>
			<key>lastKnownFileType</key>
			<string>sourcecode.c.h</string>
			<key>path</key>
			<string>MainViewController.h</string>
			<key>sourceTree</key>
			<string>&lt;group&gt;</string>
		</dict>
		<key>158D9E2C1E11395500B0FFB5</key>
		<dict>
			<key>fileEncoding</key>
			<string>4</string>
			<key>isa</key>
			<string>PBXFileReference</string>
			<key>lastKnownFileType</key>
			<string>sourcecode.c.objc</string>
			<key>path</key>
			<string>MainViewController.m</string>
			<key>sourceTree</key>
			<string>&lt;group&gt;</string>
		</dict>
		<key>158D9E2D1E11395500B0FFB5</key>
		<dict>
			<key>fileRef</key>
			<string>158D9E2C1E11395500B0FFB5</string>
			<key>isa</key>
			<string>PBXBuildFile</string>
		</dict>
		<key>158D9E311E113A3400B0FFB5</key>
		<dict>
			<key>fileEncoding</key>
			<string>4</string>
			<key>isa</key>
			<string>PBXFileReference</string>
			<key>lastKnownFileType</key>
			<string>sourcecode.c.h</string>
			<key>path</key>
			<string>HomeViewController.h</string>
			<key>sourceTree</key>
			<string>&lt;group&gt;</string>
		</dict>
		<key>158D9E321E113A3400B0FFB5</key>
		<dict>
			<key>fileEncoding</key>
			<string>4</string>
			<key>isa</key>
			<string>PBXFileReference</string>
			<key>lastKnownFileType</key>
			<string>sourcecode.c.objc</string>
			<key>path</key>
			<string>HomeViewController.m</string>
			<key>sourceTree</key>
			<string>&lt;group&gt;</string>
		</dict>
		<key>158D9E331E113A3400B0FFB5</key>
		<dict>
			<key>fileRef</key>
			<string>158D9E321E113A3400B0FFB5</string>
			<key>isa</key>
			<string>PBXBuildFile</string>
		</dict>
		<key>158D9E341E113A5900B0FFB5</key>
		<dict>
			<key>fileEncoding</key>
			<string>4</string>
			<key>isa</key>
			<string>PBXFileReference</string>
			<key>lastKnownFileType</key>
			<string>sourcecode.c.h</string>
			<key>path</key>
			<string>TakeAwayViewController.h</string>
			<key>sourceTree</key>
			<string>&lt;group&gt;</string>
		</dict>
		<key>158D9E351E113A5900B0FFB5</key>
		<dict>
			<key>fileEncoding</key>
			<string>4</string>
			<key>isa</key>
			<string>PBXFileReference</string>
			<key>lastKnownFileType</key>
			<string>sourcecode.c.objc</string>
			<key>path</key>
			<string>TakeAwayViewController.m</string>
			<key>sourceTree</key>
			<string>&lt;group&gt;</string>
		</dict>
		<key>158D9E361E113A5900B0FFB5</key>
		<dict>
			<key>fileRef</key>
			<string>158D9E351E113A5900B0FFB5</string>
			<key>isa</key>
			<string>PBXBuildFile</string>
		</dict>
		<key>158D9E3A1E113A9800B0FFB5</key>
		<dict>
			<key>fileEncoding</key>
			<string>4</string>
			<key>isa</key>
			<string>PBXFileReference</string>
			<key>lastKnownFileType</key>
			<string>sourcecode.c.h</string>
			<key>path</key>
			<string>MySelfViewController.h</string>
			<key>sourceTree</key>
			<string>&lt;group&gt;</string>
		</dict>
		<key>158D9E3B1E113A9800B0FFB5</key>
		<dict>
			<key>fileEncoding</key>
			<string>4</string>
			<key>isa</key>
			<string>PBXFileReference</string>
			<key>lastKnownFileType</key>
			<string>sourcecode.c.objc</string>
			<key>path</key>
			<string>MySelfViewController.m</string>
			<key>sourceTree</key>
			<string>&lt;group&gt;</string>
		</dict>
		<key>158D9E3C1E113A9800B0FFB5</key>
		<dict>
			<key>fileRef</key>
			<string>158D9E3B1E113A9800B0FFB5</string>
			<key>isa</key>
			<string>PBXBuildFile</string>
		</dict>
		<key>158D9E3F1E113AB900B0FFB5</key>
		<dict>
			<key>children</key>
			<array>
				<string>0DE95E1B1E133A93008C762F</string>
				<string>158D9E311E113A3400B0FFB5</string>
				<string>158D9E321E113A3400B0FFB5</string>
				<string>0DC495C01E148EC100537686</string>
				<string>0DF158AC1E124836008142D6</string>
				<string>0DF158AD1E12483C008142D6</string>
			</array>
			<key>isa</key>
			<string>PBXGroup</string>
			<key>name</key>
			<string>Home(&#39318;&#39029;)</string>
			<key>sourceTree</key>
			<string>&lt;group&gt;</string>
		</dict>
		<key>158D9E401E113AC800B0FFB5</key>
		<dict>
			<key>children</key>
			<array>
				<string>158D9E341E113A5900B0FFB5</string>
				<string>158D9E351E113A5900B0FFB5</string>
			</array>
			<key>isa</key>
			<string>PBXGroup</string>
			<key>name</key>
			<string>TakeAway(&#22806;&#21334;)</string>
			<key>sourceTree</key>
			<string>&lt;group&gt;</string>
		</dict>
		<key>158D9E411E113AE900B0FFB5</key>
		<dict>
			<key>children</key>
			<array>
				<string>152C96631E149BED006BF716</string>
				<string>152C96641E149BED006BF716</string>
				<string>152C96661E149BFB006BF716</string>
				<string>152C96671E149BFB006BF716</string>
				<string>152C96601E149BE5006BF716</string>
				<string>152C96611E149BE5006BF716</string>
				<string>152C96571E149BC4006BF716</string>
				<string>152C96581E149BC4006BF716</string>
				<string>152C96591E149BC4006BF716</string>
				<string>152C965A1E149BC4006BF716</string>
				<string>152C965B1E149BC4006BF716</string>
				<string>152C965C1E149BC4006BF716</string>
			</array>
			<key>isa</key>
			<string>PBXGroup</string>
			<key>name</key>
			<string>Order(&#35746;&#21333;)</string>
			<key>sourceTree</key>
			<string>&lt;group&gt;</string>
		</dict>
		<key>158D9E421E113B0700B0FFB5</key>
		<dict>
			<key>children</key>
			<array>
				<string>158D9E3A1E113A9800B0FFB5</string>
				<string>158D9E3B1E113A9800B0FFB5</string>
				<string>BA6567E61E14A2130075E865</string>
				<string>BA6567E71E14A2130075E865</string>
				<string>BA6DB9C51E15FD08002622C8</string>
				<string>BA6DB9C61E15FD08002622C8</string>
			</array>
			<key>isa</key>
			<string>PBXGroup</string>
			<key>name</key>
			<string>MySelf(&#25105;&#30340;)</string>
			<key>sourceTree</key>
			<string>&lt;group&gt;</string>
		</dict>
		<key>97547ACC4F1497BB380CE534</key>
		<dict>
			<key>includeInIndex</key>
			<string>1</string>
			<key>isa</key>
			<string>PBXFileReference</string>
			<key>lastKnownFileType</key>
			<string>text.xcconfig</string>
			<key>name</key>
			<string>Pods-&#28857;&#21543;.debug.xcconfig</string>
			<key>path</key>
			<string>Pods/Target Support Files/Pods-&#28857;&#21543;/Pods-&#28857;&#21543;.debug.xcconfig</string>
			<key>sourceTree</key>
			<string>&lt;group&gt;</string>
		</dict>
		<key>97A7F1458D1BCA79813BE22D</key>
		<dict>
			<key>includeInIndex</key>
			<string>1</string>
			<key>isa</key>
			<string>PBXFileReference</string>
			<key>lastKnownFileType</key>
			<string>text.xcconfig</string>
			<key>name</key>
			<string>Pods-&#28857;&#21543;.release.xcconfig</string>
			<key>path</key>
			<string>Pods/Target Support Files/Pods-&#28857;&#21543;/Pods-&#28857;&#21543;.release.xcconfig</string>
			<key>sourceTree</key>
			<string>&lt;group&gt;</string>
		</dict>
		<key>AE83ACED9814D0DC4710253A</key>
		<dict>
			<key>fileRef</key>
			<string>BBB07BC84E1D52422BD18C99</string>
			<key>isa</key>
			<string>PBXBuildFile</string>
		</dict>
		<key>B8D955B58218B704948A6217</key>
		<dict>
			<key>buildActionMask</key>
			<string>2147483647</string>
			<key>files</key>
			<array/>
			<key>inputPaths</key>
			<array/>
			<key>isa</key>
			<string>PBXShellScriptBuildPhase</string>
			<key>name</key>
			<string>[CP] Check Pods Manifest.lock</string>
			<key>outputPaths</key>
			<array/>
			<key>runOnlyForDeploymentPostprocessing</key>
			<string>0</string>
			<key>shellPath</key>
			<string>/bin/sh</string>
			<key>shellScript</key>
			<string>diff "${PODS_ROOT}/../Podfile.lock" "${PODS_ROOT}/Manifest.lock" &gt; /dev/null
if [[ $? != 0 ]] ; then
    cat &lt;&lt; EOM
error: The sandbox is not in sync with the Podfile.lock. Run 'pod install' or update your CocoaPods installation.
EOM
    exit 1
fi
</string>
			<key>showEnvVarsInLog</key>
			<string>0</string>
		</dict>
		<key>BA6567E61E14A2130075E865</key>
		<dict>
			<key>fileEncoding</key>
			<string>4</string>
			<key>isa</key>
			<string>PBXFileReference</string>
			<key>lastKnownFileType</key>
			<string>sourcecode.c.h</string>
			<key>path</key>
			<string>LoginViewController.h</string>
			<key>sourceTree</key>
			<string>&lt;group&gt;</string>
		</dict>
		<key>BA6567E71E14A2130075E865</key>
		<dict>
			<key>fileEncoding</key>
			<string>4</string>
			<key>isa</key>
			<string>PBXFileReference</string>
			<key>lastKnownFileType</key>
			<string>sourcecode.c.objc</string>
			<key>path</key>
			<string>LoginViewController.m</string>
			<key>sourceTree</key>
			<string>&lt;group&gt;</string>
		</dict>
		<key>BA6567E81E14A2130075E865</key>
		<dict>
			<key>fileRef</key>
			<string>BA6567E71E14A2130075E865</string>
			<key>isa</key>
			<string>PBXBuildFile</string>
		</dict>
		<key>BA6567EA1E14A2570075E865</key>
		<dict>
			<key>fileEncoding</key>
			<string>4</string>
			<key>isa</key>
			<string>PBXFileReference</string>
			<key>lastKnownFileType</key>
			<string>sourcecode.c.h</string>
			<key>path</key>
			<string>UIView+Addition.h</string>
			<key>sourceTree</key>
			<string>&lt;group&gt;</string>
		</dict>
		<key>BA6567EB1E14A2570075E865</key>
		<dict>
			<key>fileEncoding</key>
			<string>4</string>
			<key>isa</key>
			<string>PBXFileReference</string>
			<key>lastKnownFileType</key>
			<string>sourcecode.c.objc</string>
			<key>path</key>
			<string>UIView+Addition.m</string>
			<key>sourceTree</key>
			<string>&lt;group&gt;</string>
		</dict>
		<key>BA6567EC1E14A2570075E865</key>
		<dict>
			<key>fileRef</key>
			<string>BA6567EB1E14A2570075E865</string>
			<key>isa</key>
			<string>PBXBuildFile</string>
		</dict>
		<key>BA6DB9C41E15FCEA002622C8</key>
		<dict>
			<key>isa</key>
			<string>PBXFileReference</string>
			<key>lastKnownFileType</key>
			<string>sourcecode.c.h</string>
			<key>path</key>
			<string>MyHelper.h</string>
			<key>sourceTree</key>
			<string>&lt;group&gt;</string>
		</dict>
		<key>BA6DB9C51E15FD08002622C8</key>
		<dict>
			<key>fileEncoding</key>
			<string>4</string>
			<key>isa</key>
			<string>PBXFileReference</string>
			<key>lastKnownFileType</key>
			<string>sourcecode.c.h</string>
			<key>path</key>
			<string>findPassWordViewController.h</string>
			<key>sourceTree</key>
			<string>&lt;group&gt;</string>
		</dict>
		<key>BA6DB9C61E15FD08002622C8</key>
		<dict>
			<key>fileEncoding</key>
			<string>4</string>
			<key>isa</key>
			<string>PBXFileReference</string>
			<key>lastKnownFileType</key>
			<string>sourcecode.c.objc</string>
			<key>path</key>
			<string>findPassWordViewController.m</string>
			<key>sourceTree</key>
			<string>&lt;group&gt;</string>
		</dict>
		<key>BA6DB9C71E15FD08002622C8</key>
		<dict>
			<key>fileRef</key>
			<string>BA6DB9C61E15FD08002622C8</string>
			<key>isa</key>
			<string>PBXBuildFile</string>
		</dict>
		<key>BA6DB9C81E16708C002622C8</key>
		<dict>
			<key>children</key>
			<array>
				<string>BA6DB9C91E1670AC002622C8</string>
				<string>BA6DB9CA1E1670AC002622C8</string>
			</array>
			<key>isa</key>
			<string>PBXGroup</string>
			<key>name</key>
			<string>NetWork</string>
			<key>sourceTree</key>
			<string>&lt;group&gt;</string>
		</dict>
		<key>BA6DB9C91E1670AC002622C8</key>
		<dict>
			<key>fileEncoding</key>
			<string>4</string>
			<key>isa</key>
			<string>PBXFileReference</string>
			<key>lastKnownFileType</key>
			<string>sourcecode.c.h</string>
			<key>path</key>
			<string>NetworkRequest.h</string>
			<key>sourceTree</key>
			<string>&lt;group&gt;</string>
		</dict>
		<key>BA6DB9CA1E1670AC002622C8</key>
		<dict>
			<key>fileEncoding</key>
			<string>4</string>
			<key>isa</key>
			<string>PBXFileReference</string>
			<key>lastKnownFileType</key>
			<string>sourcecode.c.objc</string>
			<key>path</key>
			<string>NetworkRequest.m</string>
			<key>sourceTree</key>
			<string>&lt;group&gt;</string>
		</dict>
		<key>BA6DB9CB1E1670AC002622C8</key>
		<dict>
			<key>fileRef</key>
			<string>BA6DB9CA1E1670AC002622C8</string>
			<key>isa</key>
			<string>PBXBuildFile</string>
		</dict>
		<key>BA6DB9CE1E1679C4002622C8</key>
		<dict>
			<key>fileEncoding</key>
			<string>4</string>
			<key>isa</key>
			<string>PBXFileReference</string>
			<key>lastKnownFileType</key>
			<string>sourcecode.c.h</string>
			<key>path</key>
			<string>NSString+MD5.h</string>
			<key>sourceTree</key>
			<string>&lt;group&gt;</string>
		</dict>
		<key>BA6DB9CF1E1679C4002622C8</key>
		<dict>
			<key>fileEncoding</key>
			<string>4</string>
			<key>isa</key>
			<string>PBXFileReference</string>
			<key>lastKnownFileType</key>
			<string>sourcecode.c.objc</string>
			<key>path</key>
			<string>NSString+MD5.m</string>
			<key>sourceTree</key>
			<string>&lt;group&gt;</string>
		</dict>
		<key>BA6DB9D01E1679C4002622C8</key>
		<dict>
			<key>fileRef</key>
			<string>BA6DB9CF1E1679C4002622C8</string>
			<key>isa</key>
			<string>PBXBuildFile</string>
		</dict>
		<key>BA6DB9D11E1749C9002622C8</key>
		<dict>
			<key>fileEncoding</key>
			<string>4</string>
			<key>isa</key>
			<string>PBXFileReference</string>
			<key>lastKnownFileType</key>
			<string>sourcecode.c.h</string>
			<key>path</key>
			<string>ThrowLineTool.h</string>
			<key>sourceTree</key>
			<string>&lt;group&gt;</string>
		</dict>
		<key>BA6DB9D21E1749C9002622C8</key>
		<dict>
			<key>fileEncoding</key>
			<string>4</string>
			<key>isa</key>
			<string>PBXFileReference</string>
			<key>lastKnownFileType</key>
			<string>sourcecode.c.objc</string>
			<key>path</key>
			<string>ThrowLineTool.m</string>
			<key>sourceTree</key>
			<string>&lt;group&gt;</string>
		</dict>
		<key>BA6DB9D31E1749C9002622C8</key>
		<dict>
			<key>fileRef</key>
			<string>BA6DB9D21E1749C9002622C8</string>
			<key>isa</key>
			<string>PBXBuildFile</string>
		</dict>
		<key>BA6DB9D41E174AA2002622C8</key>
		<dict>
			<key>fileEncoding</key>
			<string>4</string>
			<key>isa</key>
			<string>PBXFileReference</string>
			<key>lastKnownFileType</key>
			<string>sourcecode.c.h</string>
			<key>path</key>
			<string>sideTableViewCell.h</string>
			<key>sourceTree</key>
			<string>&lt;group&gt;</string>
		</dict>
		<key>BA6DB9D51E174AA2002622C8</key>
		<dict>
			<key>fileEncoding</key>
			<string>4</string>
			<key>isa</key>
			<string>PBXFileReference</string>
			<key>lastKnownFileType</key>
			<string>sourcecode.c.objc</string>
			<key>path</key>
			<string>sideTableViewCell.m</string>
			<key>sourceTree</key>
			<string>&lt;group&gt;</string>
		</dict>
		<key>BA6DB9D61E174AA2002622C8</key>
		<dict>
			<key>fileEncoding</key>
			<string>4</string>
			<key>isa</key>
			<string>PBXFileReference</string>
			<key>lastKnownFileType</key>
			<string>file.xib</string>
			<key>path</key>
			<string>sideTableViewCell.xib</string>
			<key>sourceTree</key>
			<string>&lt;group&gt;</string>
		</dict>
		<key>BA6DB9D71E174AA2002622C8</key>
		<dict>
			<key>fileRef</key>
			<string>BA6DB9D51E174AA2002622C8</string>
			<key>isa</key>
			<string>PBXBuildFile</string>
		</dict>
		<key>BA6DB9D81E174AA2002622C8</key>
		<dict>
			<key>fileRef</key>
			<string>BA6DB9D61E174AA2002622C8</string>
			<key>isa</key>
			<string>PBXBuildFile</string>
		</dict>
		<key>BBB07BC84E1D52422BD18C99</key>
		<dict>
			<key>explicitFileType</key>
			<string>archive.ar</string>
			<key>includeInIndex</key>
			<string>0</string>
			<key>isa</key>
			<string>PBXFileReference</string>
			<key>path</key>
			<string>libPods-&#28857;&#21543;.a</string>
			<key>sourceTree</key>
			<string>BUILT_PRODUCTS_DIR</string>
		</dict>
		<key>C4132B805BB71942B2DEAF4C</key>
		<dict>
			<key>children</key>
			<array>
				<string>BBB07BC84E1D52422BD18C99</string>
			</array>
			<key>isa</key>
			<string>PBXGroup</string>
			<key>name</key>
			<string>Frameworks</string>
			<key>sourceTree</key>
			<string>&lt;group&gt;</string>
		</dict>
		<key>D3888DC0ADA96947FB7F1629</key>
		<dict>
			<key>buildActionMask</key>
			<string>2147483647</string>
			<key>files</key>
			<array/>
			<key>inputPaths</key>
			<array/>
			<key>isa</key>
			<string>PBXShellScriptBuildPhase</string>
			<key>name</key>
			<string>[CP] Copy Pods Resources</string>
			<key>outputPaths</key>
			<array/>
			<key>runOnlyForDeploymentPostprocessing</key>
			<string>0</string>
			<key>shellPath</key>
			<string>/bin/sh</string>
			<key>shellScript</key>
			<string>"${SRCROOT}/Pods/Target Support Files/Pods-&#28857;&#21543;/Pods-&#28857;&#21543;-resources.sh"
</string>
			<key>showEnvVarsInLog</key>
			<string>0</string>
		</dict>
		<key>FD59509591921B1506D755F2</key>
		<dict>
			<key>buildActionMask</key>
			<string>2147483647</string>
			<key>files</key>
			<array/>
			<key>inputPaths</key>
			<array/>
			<key>isa</key>
			<string>PBXShellScriptBuildPhase</string>
			<key>name</key>
			<string>[CP] Embed Pods Frameworks</string>
			<key>outputPaths</key>
			<array/>
			<key>runOnlyForDeploymentPostprocessing</key>
			<string>0</string>
			<key>shellPath</key>
			<string>/bin/sh</string>
			<key>shellScript</key>
			<string>"${SRCROOT}/Pods/Target Support Files/Pods-&#28857;&#21543;/Pods-&#28857;&#21543;-frameworks.sh"
</string>
			<key>showEnvVarsInLog</key>
			<string>0</string>
		</dict>
	</dict>
	<key>rootObject</key>
	<string>158D9DED1E11391700B0FFB5</string>
</dict>
</plist>
