// !$*UTF8*$!
{
	archiveVersion = 1;
	classes = {
	};
	objectVersion = 46;
	objects = {

/* Begin PBXBuildFile section */
		0D0271FA1E13432E00D3D350 /* headerCollectionViewCell.m in Sources */ = {isa = PBXBuildFile; fileRef = 0D0271F81E13432E00D3D350 /* headerCollectionViewCell.m */; };
		0D4421511E12861A00B31284 /* UILabel+LabelFrame.m in Sources */ = {isa = PBXBuildFile; fileRef = 0D4421501E12861A00B31284 /* UILabel+LabelFrame.m */; };
		0DA3F5F71E1389C600E2E030 /* HomeTableViewCell.m in Sources */ = {isa = PBXBuildFile; fileRef = 0DA3F5F51E1389C600E2E030 /* HomeTableViewCell.m */; };
		0DA3F5F81E1389C600E2E030 /* HomeTableViewCell.xib in Resources */ = {isa = PBXBuildFile; fileRef = 0DA3F5F61E1389C600E2E030 /* HomeTableViewCell.xib */; };
		0DA3F60A1E13A04A00E2E030 /* PopoverAction.m in Sources */ = {isa = PBXBuildFile; fileRef = 0DA3F6051E13A04A00E2E030 /* PopoverAction.m */; };
		0DA3F60B1E13A04A00E2E030 /* PopoverView.m in Sources */ = {isa = PBXBuildFile; fileRef = 0DA3F6071E13A04A00E2E030 /* PopoverView.m */; };
		0DA3F60C1E13A04A00E2E030 /* PopoverViewCell.m in Sources */ = {isa = PBXBuildFile; fileRef = 0DA3F6091E13A04A00E2E030 /* PopoverViewCell.m */; };
		0DC495BC1E13CDC700537686 /* GPSViewController.m in Sources */ = {isa = PBXBuildFile; fileRef = 0DC495BB1E13CDC700537686 /* GPSViewController.m */; };
		0DC495BF1E148EBA00537686 /* hotelViewController.m in Sources */ = {isa = PBXBuildFile; fileRef = 0DC495BE1E148EBA00537686 /* hotelViewController.m */; };
		0DE95E171E1336B3008C762F /* img1.png in Resources */ = {isa = PBXBuildFile; fileRef = 0DE95E141E1336B3008C762F /* img1.png */; };
		0DE95E181E1336B3008C762F /* img2.png in Resources */ = {isa = PBXBuildFile; fileRef = 0DE95E151E1336B3008C762F /* img2.png */; };
		0DE95E191E1336B3008C762F /* img4.png in Resources */ = {isa = PBXBuildFile; fileRef = 0DE95E161E1336B3008C762F /* img4.png */; };
		0DF158901E121E6C008142D6 /* JZSearchBar.m in Sources */ = {isa = PBXBuildFile; fileRef = 0DF1588F1E121E6C008142D6 /* JZSearchBar.m */; };
		0DF158931E121E75008142D6 /* UIImage+JZ.m in Sources */ = {isa = PBXBuildFile; fileRef = 0DF158921E121E75008142D6 /* UIImage+JZ.m */; };
		0DF158951E121E80008142D6 /* searchbar_textfield_background_os7@2x.png in Resources */ = {isa = PBXBuildFile; fileRef = 0DF158941E121E80008142D6 /* searchbar_textfield_background_os7@2x.png */; };
		0DF158981E121E87008142D6 /* GVColor.m in Sources */ = {isa = PBXBuildFile; fileRef = 0DF158971E121E87008142D6 /* GVColor.m */; };
		0DF158AA1E12473E008142D6 /* HomeView.m in Sources */ = {isa = PBXBuildFile; fileRef = 0DF158A91E12473E008142D6 /* HomeView.m */; };
		1565FD5F1E1236D800C68872 /* AFNManager.m in Sources */ = {isa = PBXBuildFile; fileRef = 1565FD5E1E1236D800C68872 /* AFNManager.m */; };
		1565FD731E129BA400C68872 /* OrderViewController.m in Sources */ = {isa = PBXBuildFile; fileRef = 1565FD721E129BA400C68872 /* OrderViewController.m */; };
		1565FD761E129BAD00C68872 /* TotalViewController.m in Sources */ = {isa = PBXBuildFile; fileRef = 1565FD751E129BAD00C68872 /* TotalViewController.m */; };
		1565FD791E129BB900C68872 /* HallViewController.m in Sources */ = {isa = PBXBuildFile; fileRef = 1565FD781E129BB900C68872 /* HallViewController.m */; };
		1565FD7C1E129BC600C68872 /* TakeViewController.m in Sources */ = {isa = PBXBuildFile; fileRef = 1565FD7B1E129BC600C68872 /* TakeViewController.m */; };
		1565FD7F1E129C0300C68872 /* TopScroll.m in Sources */ = {isa = PBXBuildFile; fileRef = 1565FD7E1E129C0300C68872 /* TopScroll.m */; };
		158D9DFA1E11391700B0FFB5 /* main.m in Sources */ = {isa = PBXBuildFile; fileRef = 158D9DF91E11391700B0FFB5 /* main.m */; };
		158D9DFD1E11391700B0FFB5 /* AppDelegate.m in Sources */ = {isa = PBXBuildFile; fileRef = 158D9DFC1E11391700B0FFB5 /* AppDelegate.m */; };
		158D9E051E11391700B0FFB5 /* Assets.xcassets in Resources */ = {isa = PBXBuildFile; fileRef = 158D9E041E11391700B0FFB5 /* Assets.xcassets */; };
		158D9E081E11391700B0FFB5 /* LaunchScreen.storyboard in Resources */ = {isa = PBXBuildFile; fileRef = 158D9E061E11391700B0FFB5 /* LaunchScreen.storyboard */; };
		158D9E131E11391700B0FFB5 /* __Tests.m in Sources */ = {isa = PBXBuildFile; fileRef = 158D9E121E11391700B0FFB5 /* __Tests.m */; };
		158D9E1E1E11391700B0FFB5 /* __UITests.m in Sources */ = {isa = PBXBuildFile; fileRef = 158D9E1D1E11391700B0FFB5 /* __UITests.m */; };
		158D9E2D1E11395500B0FFB5 /* MainViewController.m in Sources */ = {isa = PBXBuildFile; fileRef = 158D9E2C1E11395500B0FFB5 /* MainViewController.m */; };
		158D9E331E113A3400B0FFB5 /* HomeViewController.m in Sources */ = {isa = PBXBuildFile; fileRef = 158D9E321E113A3400B0FFB5 /* HomeViewController.m */; };
		158D9E361E113A5900B0FFB5 /* TakeAwayViewController.m in Sources */ = {isa = PBXBuildFile; fileRef = 158D9E351E113A5900B0FFB5 /* TakeAwayViewController.m */; };
		158D9E3C1E113A9800B0FFB5 /* MySelfViewController.m in Sources */ = {isa = PBXBuildFile; fileRef = 158D9E3B1E113A9800B0FFB5 /* MySelfViewController.m */; };
		E577246B9BE24E07A8D0F9EB /* libPods-点吧.a in Frameworks */ = {isa = PBXBuildFile; fileRef = 9E5C5178484910B1DEA3C0B0 /* libPods-点吧.a */; };
/* End PBXBuildFile section */

/* Begin PBXContainerItemProxy section */
		158D9E0F1E11391700B0FFB5 /* PBXContainerItemProxy */ = {
			isa = PBXContainerItemProxy;
			containerPortal = 158D9DED1E11391700B0FFB5 /* Project object */;
			proxyType = 1;
			remoteGlobalIDString = 158D9DF41E11391700B0FFB5;
			remoteInfo = "点吧";
		};
		158D9E1A1E11391700B0FFB5 /* PBXContainerItemProxy */ = {
			isa = PBXContainerItemProxy;
			containerPortal = 158D9DED1E11391700B0FFB5 /* Project object */;
			proxyType = 1;
			remoteGlobalIDString = 158D9DF41E11391700B0FFB5;
			remoteInfo = "点吧";
		};
/* End PBXContainerItemProxy section */

/* Begin PBXFileReference section */
		0D0271F71E13432E00D3D350 /* headerCollectionViewCell.h */ = {isa = PBXFileReference; fileEncoding = 4; lastKnownFileType = sourcecode.c.h; path = headerCollectionViewCell.h; sourceTree = "<group>"; };
		0D0271F81E13432E00D3D350 /* headerCollectionViewCell.m */ = {isa = PBXFileReference; fileEncoding = 4; lastKnownFileType = sourcecode.c.objc; path = headerCollectionViewCell.m; sourceTree = "<group>"; };
		0D44214F1E12861A00B31284 /* UILabel+LabelFrame.h */ = {isa = PBXFileReference; fileEncoding = 4; lastKnownFileType = sourcecode.c.h; path = "UILabel+LabelFrame.h"; sourceTree = "<group>"; };
		0D4421501E12861A00B31284 /* UILabel+LabelFrame.m */ = {isa = PBXFileReference; fileEncoding = 4; lastKnownFileType = sourcecode.c.objc; path = "UILabel+LabelFrame.m"; sourceTree = "<group>"; };
		0DA3F5F41E1389C600E2E030 /* HomeTableViewCell.h */ = {isa = PBXFileReference; fileEncoding = 4; lastKnownFileType = sourcecode.c.h; path = HomeTableViewCell.h; sourceTree = "<group>"; };
		0DA3F5F51E1389C600E2E030 /* HomeTableViewCell.m */ = {isa = PBXFileReference; fileEncoding = 4; lastKnownFileType = sourcecode.c.objc; path = HomeTableViewCell.m; sourceTree = "<group>"; };
		0DA3F5F61E1389C600E2E030 /* HomeTableViewCell.xib */ = {isa = PBXFileReference; fileEncoding = 4; lastKnownFileType = file.xib; path = HomeTableViewCell.xib; sourceTree = "<group>"; };
		0DA3F6041E13A04A00E2E030 /* PopoverAction.h */ = {isa = PBXFileReference; fileEncoding = 4; lastKnownFileType = sourcecode.c.h; path = PopoverAction.h; sourceTree = "<group>"; };
		0DA3F6051E13A04A00E2E030 /* PopoverAction.m */ = {isa = PBXFileReference; fileEncoding = 4; lastKnownFileType = sourcecode.c.objc; path = PopoverAction.m; sourceTree = "<group>"; };
		0DA3F6061E13A04A00E2E030 /* PopoverView.h */ = {isa = PBXFileReference; fileEncoding = 4; lastKnownFileType = sourcecode.c.h; path = PopoverView.h; sourceTree = "<group>"; };
		0DA3F6071E13A04A00E2E030 /* PopoverView.m */ = {isa = PBXFileReference; fileEncoding = 4; lastKnownFileType = sourcecode.c.objc; path = PopoverView.m; sourceTree = "<group>"; };
		0DA3F6081E13A04A00E2E030 /* PopoverViewCell.h */ = {isa = PBXFileReference; fileEncoding = 4; lastKnownFileType = sourcecode.c.h; path = PopoverViewCell.h; sourceTree = "<group>"; };
		0DA3F6091E13A04A00E2E030 /* PopoverViewCell.m */ = {isa = PBXFileReference; fileEncoding = 4; lastKnownFileType = sourcecode.c.objc; path = PopoverViewCell.m; sourceTree = "<group>"; };
		0DC495BA1E13CDC700537686 /* GPSViewController.h */ = {isa = PBXFileReference; fileEncoding = 4; lastKnownFileType = sourcecode.c.h; path = GPSViewController.h; sourceTree = "<group>"; };
		0DC495BB1E13CDC700537686 /* GPSViewController.m */ = {isa = PBXFileReference; fileEncoding = 4; lastKnownFileType = sourcecode.c.objc; path = GPSViewController.m; sourceTree = "<group>"; };
		0DC495BD1E148EBA00537686 /* hotelViewController.h */ = {isa = PBXFileReference; fileEncoding = 4; lastKnownFileType = sourcecode.c.h; path = hotelViewController.h; sourceTree = "<group>"; };
		0DC495BE1E148EBA00537686 /* hotelViewController.m */ = {isa = PBXFileReference; fileEncoding = 4; lastKnownFileType = sourcecode.c.objc; path = hotelViewController.m; sourceTree = "<group>"; };
		0DE95E141E1336B3008C762F /* img1.png */ = {isa = PBXFileReference; lastKnownFileType = image.png; path = img1.png; sourceTree = "<group>"; };
		0DE95E151E1336B3008C762F /* img2.png */ = {isa = PBXFileReference; lastKnownFileType = image.png; path = img2.png; sourceTree = "<group>"; };
		0DE95E161E1336B3008C762F /* img4.png */ = {isa = PBXFileReference; lastKnownFileType = image.png; path = img4.png; sourceTree = "<group>"; };
		0DE95E1A1E133A85008C762F /* AllFrame.pch */ = {isa = PBXFileReference; lastKnownFileType = sourcecode.c.h; path = AllFrame.pch; sourceTree = "<group>"; };
		0DF1588E1E121E6C008142D6 /* JZSearchBar.h */ = {isa = PBXFileReference; fileEncoding = 4; lastKnownFileType = sourcecode.c.h; path = JZSearchBar.h; sourceTree = "<group>"; };
		0DF1588F1E121E6C008142D6 /* JZSearchBar.m */ = {isa = PBXFileReference; fileEncoding = 4; lastKnownFileType = sourcecode.c.objc; path = JZSearchBar.m; sourceTree = "<group>"; };
		0DF158911E121E75008142D6 /* UIImage+JZ.h */ = {isa = PBXFileReference; fileEncoding = 4; lastKnownFileType = sourcecode.c.h; path = "UIImage+JZ.h"; sourceTree = "<group>"; };
		0DF158921E121E75008142D6 /* UIImage+JZ.m */ = {isa = PBXFileReference; fileEncoding = 4; lastKnownFileType = sourcecode.c.objc; path = "UIImage+JZ.m"; sourceTree = "<group>"; };
		0DF158941E121E80008142D6 /* searchbar_textfield_background_os7@2x.png */ = {isa = PBXFileReference; lastKnownFileType = image.png; path = "searchbar_textfield_background_os7@2x.png"; sourceTree = "<group>"; };
		0DF158961E121E87008142D6 /* GVColor.h */ = {isa = PBXFileReference; fileEncoding = 4; lastKnownFileType = sourcecode.c.h; path = GVColor.h; sourceTree = "<group>"; };
		0DF158971E121E87008142D6 /* GVColor.m */ = {isa = PBXFileReference; fileEncoding = 4; lastKnownFileType = sourcecode.c.objc; path = GVColor.m; sourceTree = "<group>"; };
		0DF158A81E12473E008142D6 /* HomeView.h */ = {isa = PBXFileReference; fileEncoding = 4; lastKnownFileType = sourcecode.c.h; path = HomeView.h; sourceTree = "<group>"; };
		0DF158A91E12473E008142D6 /* HomeView.m */ = {isa = PBXFileReference; fileEncoding = 4; lastKnownFileType = sourcecode.c.objc; path = HomeView.m; sourceTree = "<group>"; };
		1565FD5D1E1236D800C68872 /* AFNManager.h */ = {isa = PBXFileReference; fileEncoding = 4; lastKnownFileType = sourcecode.c.h; path = AFNManager.h; sourceTree = "<group>"; };
		1565FD5E1E1236D800C68872 /* AFNManager.m */ = {isa = PBXFileReference; fileEncoding = 4; lastKnownFileType = sourcecode.c.objc; path = AFNManager.m; sourceTree = "<group>"; };
		1565FD711E129BA400C68872 /* OrderViewController.h */ = {isa = PBXFileReference; fileEncoding = 4; lastKnownFileType = sourcecode.c.h; path = OrderViewController.h; sourceTree = "<group>"; };
		1565FD721E129BA400C68872 /* OrderViewController.m */ = {isa = PBXFileReference; fileEncoding = 4; lastKnownFileType = sourcecode.c.objc; path = OrderViewController.m; sourceTree = "<group>"; };
		1565FD741E129BAD00C68872 /* TotalViewController.h */ = {isa = PBXFileReference; fileEncoding = 4; lastKnownFileType = sourcecode.c.h; path = TotalViewController.h; sourceTree = "<group>"; };
		1565FD751E129BAD00C68872 /* TotalViewController.m */ = {isa = PBXFileReference; fileEncoding = 4; lastKnownFileType = sourcecode.c.objc; path = TotalViewController.m; sourceTree = "<group>"; };
		1565FD771E129BB900C68872 /* HallViewController.h */ = {isa = PBXFileReference; fileEncoding = 4; lastKnownFileType = sourcecode.c.h; path = HallViewController.h; sourceTree = "<group>"; };
		1565FD781E129BB900C68872 /* HallViewController.m */ = {isa = PBXFileReference; fileEncoding = 4; lastKnownFileType = sourcecode.c.objc; path = HallViewController.m; sourceTree = "<group>"; };
		1565FD7A1E129BC600C68872 /* TakeViewController.h */ = {isa = PBXFileReference; fileEncoding = 4; lastKnownFileType = sourcecode.c.h; path = TakeViewController.h; sourceTree = "<group>"; };
		1565FD7B1E129BC600C68872 /* TakeViewController.m */ = {isa = PBXFileReference; fileEncoding = 4; lastKnownFileType = sourcecode.c.objc; path = TakeViewController.m; sourceTree = "<group>"; };
		1565FD7D1E129C0300C68872 /* TopScroll.h */ = {isa = PBXFileReference; fileEncoding = 4; lastKnownFileType = sourcecode.c.h; path = TopScroll.h; sourceTree = "<group>"; };
		1565FD7E1E129C0300C68872 /* TopScroll.m */ = {isa = PBXFileReference; fileEncoding = 4; lastKnownFileType = sourcecode.c.objc; path = TopScroll.m; sourceTree = "<group>"; };
		158D9DF51E11391700B0FFB5 /* 点吧.app */ = {isa = PBXFileReference; explicitFileType = wrapper.application; includeInIndex = 0; path = "点吧.app"; sourceTree = BUILT_PRODUCTS_DIR; };
		158D9DF91E11391700B0FFB5 /* main.m */ = {isa = PBXFileReference; lastKnownFileType = sourcecode.c.objc; path = main.m; sourceTree = "<group>"; };
		158D9DFB1E11391700B0FFB5 /* AppDelegate.h */ = {isa = PBXFileReference; lastKnownFileType = sourcecode.c.h; path = AppDelegate.h; sourceTree = "<group>"; };
		158D9DFC1E11391700B0FFB5 /* AppDelegate.m */ = {isa = PBXFileReference; lastKnownFileType = sourcecode.c.objc; path = AppDelegate.m; sourceTree = "<group>"; };
		158D9E041E11391700B0FFB5 /* Assets.xcassets */ = {isa = PBXFileReference; lastKnownFileType = folder.assetcatalog; path = Assets.xcassets; sourceTree = "<group>"; };
		158D9E071E11391700B0FFB5 /* Base */ = {isa = PBXFileReference; lastKnownFileType = file.storyboard; name = Base; path = Base.lproj/LaunchScreen.storyboard; sourceTree = "<group>"; };
		158D9E091E11391700B0FFB5 /* Info.plist */ = {isa = PBXFileReference; lastKnownFileType = text.plist.xml; path = Info.plist; sourceTree = "<group>"; };
		158D9E0E1E11391700B0FFB5 /* 点吧Tests.xctest */ = {isa = PBXFileReference; explicitFileType = wrapper.cfbundle; includeInIndex = 0; path = "点吧Tests.xctest"; sourceTree = BUILT_PRODUCTS_DIR; };
		158D9E121E11391700B0FFB5 /* __Tests.m */ = {isa = PBXFileReference; lastKnownFileType = sourcecode.c.objc; path = __Tests.m; sourceTree = "<group>"; };
		158D9E141E11391700B0FFB5 /* Info.plist */ = {isa = PBXFileReference; lastKnownFileType = text.plist.xml; path = Info.plist; sourceTree = "<group>"; };
		158D9E191E11391700B0FFB5 /* 点吧UITests.xctest */ = {isa = PBXFileReference; explicitFileType = wrapper.cfbundle; includeInIndex = 0; path = "点吧UITests.xctest"; sourceTree = BUILT_PRODUCTS_DIR; };
		158D9E1D1E11391700B0FFB5 /* __UITests.m */ = {isa = PBXFileReference; lastKnownFileType = sourcecode.c.objc; path = __UITests.m; sourceTree = "<group>"; };
		158D9E1F1E11391700B0FFB5 /* Info.plist */ = {isa = PBXFileReference; lastKnownFileType = text.plist.xml; path = Info.plist; sourceTree = "<group>"; };
		158D9E2B1E11395500B0FFB5 /* MainViewController.h */ = {isa = PBXFileReference; fileEncoding = 4; lastKnownFileType = sourcecode.c.h; path = MainViewController.h; sourceTree = "<group>"; };
		158D9E2C1E11395500B0FFB5 /* MainViewController.m */ = {isa = PBXFileReference; fileEncoding = 4; lastKnownFileType = sourcecode.c.objc; path = MainViewController.m; sourceTree = "<group>"; };
		158D9E311E113A3400B0FFB5 /* HomeViewController.h */ = {isa = PBXFileReference; fileEncoding = 4; lastKnownFileType = sourcecode.c.h; path = HomeViewController.h; sourceTree = "<group>"; };
		158D9E321E113A3400B0FFB5 /* HomeViewController.m */ = {isa = PBXFileReference; fileEncoding = 4; lastKnownFileType = sourcecode.c.objc; path = HomeViewController.m; sourceTree = "<group>"; };
		158D9E341E113A5900B0FFB5 /* TakeAwayViewController.h */ = {isa = PBXFileReference; fileEncoding = 4; lastKnownFileType = sourcecode.c.h; path = TakeAwayViewController.h; sourceTree = "<group>"; };
		158D9E351E113A5900B0FFB5 /* TakeAwayViewController.m */ = {isa = PBXFileReference; fileEncoding = 4; lastKnownFileType = sourcecode.c.objc; path = TakeAwayViewController.m; sourceTree = "<group>"; };
		158D9E3A1E113A9800B0FFB5 /* MySelfViewController.h */ = {isa = PBXFileReference; fileEncoding = 4; lastKnownFileType = sourcecode.c.h; path = MySelfViewController.h; sourceTree = "<group>"; };
		158D9E3B1E113A9800B0FFB5 /* MySelfViewController.m */ = {isa = PBXFileReference; fileEncoding = 4; lastKnownFileType = sourcecode.c.objc; path = MySelfViewController.m; sourceTree = "<group>"; };
		624367971C89D6FAA53BACBD /* Pods-点吧.debug.xcconfig */ = {isa = PBXFileReference; includeInIndex = 1; lastKnownFileType = text.xcconfig; name = "Pods-点吧.debug.xcconfig"; path = "Pods/Target Support Files/Pods-点吧/Pods-点吧.debug.xcconfig"; sourceTree = "<group>"; };
		72513B5AB676607BC564AB55 /* libPods-点吧Tests.a */ = {isa = PBXFileReference; explicitFileType = archive.ar; includeInIndex = 0; path = "libPods-点吧Tests.a"; sourceTree = BUILT_PRODUCTS_DIR; };
		7F87AB6569E9617A2747B048 /* Pods-点吧.release.xcconfig */ = {isa = PBXFileReference; includeInIndex = 1; lastKnownFileType = text.xcconfig; name = "Pods-点吧.release.xcconfig"; path = "Pods/Target Support Files/Pods-点吧/Pods-点吧.release.xcconfig"; sourceTree = "<group>"; };
		9E5C5178484910B1DEA3C0B0 /* libPods-点吧.a */ = {isa = PBXFileReference; explicitFileType = archive.ar; includeInIndex = 0; path = "libPods-点吧.a"; sourceTree = BUILT_PRODUCTS_DIR; };
		EA52085683AD0039D6D1EE09 /* libPods-点吧UITests.a */ = {isa = PBXFileReference; explicitFileType = archive.ar; includeInIndex = 0; path = "libPods-点吧UITests.a"; sourceTree = BUILT_PRODUCTS_DIR; };
/* End PBXFileReference section */

/* Begin PBXFrameworksBuildPhase section */
		158D9DF21E11391700B0FFB5 /* Frameworks */ = {
			isa = PBXFrameworksBuildPhase;
			buildActionMask = 2147483647;
			files = (
				E577246B9BE24E07A8D0F9EB /* libPods-点吧.a in Frameworks */,
			);
			runOnlyForDeploymentPostprocessing = 0;
		};
		158D9E0B1E11391700B0FFB5 /* Frameworks */ = {
			isa = PBXFrameworksBuildPhase;
			buildActionMask = 2147483647;
			files = (
			);
			runOnlyForDeploymentPostprocessing = 0;
		};
		158D9E161E11391700B0FFB5 /* Frameworks */ = {
			isa = PBXFrameworksBuildPhase;
			buildActionMask = 2147483647;
			files = (
			);
			runOnlyForDeploymentPostprocessing = 0;
		};
/* End PBXFrameworksBuildPhase section */

/* Begin PBXGroup section */
		0D0271FC1E13433600D3D350 /* tableView */ = {
			isa = PBXGroup;
			children = (
				0DA3F5F41E1389C600E2E030 /* HomeTableViewCell.h */,
				0DA3F5F51E1389C600E2E030 /* HomeTableViewCell.m */,
				0DA3F5F61E1389C600E2E030 /* HomeTableViewCell.xib */,
			);
			name = tableView;
			sourceTree = "<group>";
		};
		0D0271FD1E13434300D3D350 /* collectionView */ = {
			isa = PBXGroup;
			children = (
				0D0271F71E13432E00D3D350 /* headerCollectionViewCell.h */,
				0D0271F81E13432E00D3D350 /* headerCollectionViewCell.m */,
			);
			name = collectionView;
			sourceTree = "<group>";
		};
		0D0271FE1E13435100D3D350 /* 自适应lable类别 */ = {
			isa = PBXGroup;
			children = (
				0D44214F1E12861A00B31284 /* UILabel+LabelFrame.h */,
				0D4421501E12861A00B31284 /* UILabel+LabelFrame.m */,
			);
			name = "自适应lable类别";
			sourceTree = "<group>";
		};
		0DA3F6031E13A04A00E2E030 /* PopoverView */ = {
			isa = PBXGroup;
			children = (
				0DA3F6041E13A04A00E2E030 /* PopoverAction.h */,
				0DA3F6051E13A04A00E2E030 /* PopoverAction.m */,
				0DA3F6061E13A04A00E2E030 /* PopoverView.h */,
				0DA3F6071E13A04A00E2E030 /* PopoverView.m */,
				0DA3F6081E13A04A00E2E030 /* PopoverViewCell.h */,
				0DA3F6091E13A04A00E2E030 /* PopoverViewCell.m */,
			);
			path = PopoverView;
			sourceTree = "<group>";
		};
		0DC495C01E148EC100537686 /* 饭店 */ = {
			isa = PBXGroup;
			children = (
				0DC495BD1E148EBA00537686 /* hotelViewController.h */,
				0DC495BE1E148EBA00537686 /* hotelViewController.m */,
			);
			name = "饭店";
			sourceTree = "<group>";
		};
		0DC495C11E148ED100537686 /* 导航 */ = {
			isa = PBXGroup;
			children = (
				0DC495BA1E13CDC700537686 /* GPSViewController.h */,
				0DC495BB1E13CDC700537686 /* GPSViewController.m */,
			);
			name = "导航";
			sourceTree = "<group>";
		};
		0DE95E1B1E133A93008C762F /* 首页image */ = {
			isa = PBXGroup;
			children = (
				0DE95E141E1336B3008C762F /* img1.png */,
				0DE95E151E1336B3008C762F /* img2.png */,
				0DE95E161E1336B3008C762F /* img4.png */,
				0DF158941E121E80008142D6 /* searchbar_textfield_background_os7@2x.png */,
			);
			name = "首页image";
			sourceTree = "<group>";
		};
		0DF158AB1E124828008142D6 /* 业务处理 */ = {
			isa = PBXGroup;
			children = (
				0DE95E1A1E133A85008C762F /* AllFrame.pch */,
				0DC495C11E148ED100537686 /* 导航 */,
				0DA3F6031E13A04A00E2E030 /* PopoverView */,
				0D0271FE1E13435100D3D350 /* 自适应lable类别 */,
				0DF158AE1E124845008142D6 /* 颜色处理 */,
				1565FD591E12333C00C68872 /* Tools(工具) */,
			);
			name = "业务处理";
			sourceTree = "<group>";
		};
		0DF158AC1E124836008142D6 /* V */ = {
			isa = PBXGroup;
			children = (
				0DF158A81E12473E008142D6 /* HomeView.h */,
				0DF158A91E12473E008142D6 /* HomeView.m */,
			);
			name = V;
			sourceTree = "<group>";
		};
		0DF158AD1E12483C008142D6 /* 重写Home */ = {
			isa = PBXGroup;
			children = (
				0D0271FC1E13433600D3D350 /* tableView */,
				0D0271FD1E13434300D3D350 /* collectionView */,
			);
			name = "重写Home";
			sourceTree = "<group>";
		};
		0DF158AE1E124845008142D6 /* 颜色处理 */ = {
			isa = PBXGroup;
			children = (
				0DF158961E121E87008142D6 /* GVColor.h */,
				0DF158971E121E87008142D6 /* GVColor.m */,
			);
			name = "颜色处理";
			sourceTree = "<group>";
		};
		0DF158AF1E12485E008142D6 /* 导航栏搜索条 */ = {
			isa = PBXGroup;
			children = (
				0DF158911E121E75008142D6 /* UIImage+JZ.h */,
				0DF158921E121E75008142D6 /* UIImage+JZ.m */,
				0DF1588E1E121E6C008142D6 /* JZSearchBar.h */,
				0DF1588F1E121E6C008142D6 /* JZSearchBar.m */,
			);
			name = "导航栏搜索条";
			sourceTree = "<group>";
		};
		1565FD591E12333C00C68872 /* Tools(工具) */ = {
			isa = PBXGroup;
			children = (
				1565FD5D1E1236D800C68872 /* AFNManager.h */,
				1565FD5E1E1236D800C68872 /* AFNManager.m */,
			);
			name = "Tools(工具)";
			sourceTree = "<group>";
		};
		158D9DEC1E11391700B0FFB5 = {
			isa = PBXGroup;
			children = (
				158D9DF71E11391700B0FFB5 /* 点吧 */,
				158D9E111E11391700B0FFB5 /* 点吧Tests */,
				158D9E1C1E11391700B0FFB5 /* 点吧UITests */,
				158D9DF61E11391700B0FFB5 /* Products */,
				C2DBAB6040977C27C8EAF5C3 /* Pods */,
				D39AAA9AE5B53DF3CBD33F4C /* Frameworks */,
			);
			sourceTree = "<group>";
		};
		158D9DF61E11391700B0FFB5 /* Products */ = {
			isa = PBXGroup;
			children = (
				158D9DF51E11391700B0FFB5 /* 点吧.app */,
				158D9E0E1E11391700B0FFB5 /* 点吧Tests.xctest */,
				158D9E191E11391700B0FFB5 /* 点吧UITests.xctest */,
			);
			name = Products;
			sourceTree = "<group>";
		};
		158D9DF71E11391700B0FFB5 /* 点吧 */ = {
			isa = PBXGroup;
			children = (
				0DE95E1B1E133A93008C762F /* 首页image */,
				158D9DFB1E11391700B0FFB5 /* AppDelegate.h */,
				158D9DFC1E11391700B0FFB5 /* AppDelegate.m */,
				158D9E3F1E113AB900B0FFB5 /* Home(首页) */,
				158D9E401E113AC800B0FFB5 /* TakeAway(外卖) */,
				158D9E411E113AE900B0FFB5 /* Order(订单) */,
				158D9E421E113B0700B0FFB5 /* MySelf(我的) */,
				0DF158AB1E124828008142D6 /* 业务处理 */,
				158D9E2B1E11395500B0FFB5 /* MainViewController.h */,
				158D9E2C1E11395500B0FFB5 /* MainViewController.m */,
				158D9E041E11391700B0FFB5 /* Assets.xcassets */,
				158D9E061E11391700B0FFB5 /* LaunchScreen.storyboard */,
				158D9E091E11391700B0FFB5 /* Info.plist */,
				158D9DF81E11391700B0FFB5 /* Supporting Files */,
			);
			path = "点吧";
			sourceTree = "<group>";
		};
		158D9DF81E11391700B0FFB5 /* Supporting Files */ = {
			isa = PBXGroup;
			children = (
				158D9DF91E11391700B0FFB5 /* main.m */,
			);
			name = "Supporting Files";
			sourceTree = "<group>";
		};
		158D9E111E11391700B0FFB5 /* 点吧Tests */ = {
			isa = PBXGroup;
			children = (
				158D9E121E11391700B0FFB5 /* __Tests.m */,
				158D9E141E11391700B0FFB5 /* Info.plist */,
			);
			path = "点吧Tests";
			sourceTree = "<group>";
		};
		158D9E1C1E11391700B0FFB5 /* 点吧UITests */ = {
			isa = PBXGroup;
			children = (
				158D9E1D1E11391700B0FFB5 /* __UITests.m */,
				158D9E1F1E11391700B0FFB5 /* Info.plist */,
			);
			path = "点吧UITests";
			sourceTree = "<group>";
		};
		158D9E3F1E113AB900B0FFB5 /* Home(首页) */ = {
			isa = PBXGroup;
			children = (
				158D9E311E113A3400B0FFB5 /* HomeViewController.h */,
				158D9E321E113A3400B0FFB5 /* HomeViewController.m */,
				0DC495C01E148EC100537686 /* 饭店 */,
				0DF158AC1E124836008142D6 /* V */,
				0DF158AD1E12483C008142D6 /* 重写Home */,
				0DF158AF1E12485E008142D6 /* 导航栏搜索条 */,
			);
			name = "Home(首页)";
			sourceTree = "<group>";
		};
		158D9E401E113AC800B0FFB5 /* TakeAway(外卖) */ = {
			isa = PBXGroup;
			children = (
				158D9E341E113A5900B0FFB5 /* TakeAwayViewController.h */,
				158D9E351E113A5900B0FFB5 /* TakeAwayViewController.m */,
			);
			name = "TakeAway(外卖)";
			sourceTree = "<group>";
		};
		158D9E411E113AE900B0FFB5 /* Order(订单) */ = {
			isa = PBXGroup;
			children = (
				1565FD7D1E129C0300C68872 /* TopScroll.h */,
				1565FD7E1E129C0300C68872 /* TopScroll.m */,
				1565FD711E129BA400C68872 /* OrderViewController.h */,
				1565FD721E129BA400C68872 /* OrderViewController.m */,
				1565FD741E129BAD00C68872 /* TotalViewController.h */,
				1565FD751E129BAD00C68872 /* TotalViewController.m */,
				1565FD771E129BB900C68872 /* HallViewController.h */,
				1565FD781E129BB900C68872 /* HallViewController.m */,
				1565FD7A1E129BC600C68872 /* TakeViewController.h */,
				1565FD7B1E129BC600C68872 /* TakeViewController.m */,
			);
			name = "Order(订单)";
			sourceTree = "<group>";
		};
		158D9E421E113B0700B0FFB5 /* MySelf(我的) */ = {
			isa = PBXGroup;
			children = (
				158D9E3A1E113A9800B0FFB5 /* MySelfViewController.h */,
				158D9E3B1E113A9800B0FFB5 /* MySelfViewController.m */,
			);
			name = "MySelf(我的)";
			sourceTree = "<group>";
		};
		C2DBAB6040977C27C8EAF5C3 /* Pods */ = {
			isa = PBXGroup;
			children = (
				624367971C89D6FAA53BACBD /* Pods-点吧.debug.xcconfig */,
				7F87AB6569E9617A2747B048 /* Pods-点吧.release.xcconfig */,
			);
			name = Pods;
			sourceTree = "<group>";
		};
		D39AAA9AE5B53DF3CBD33F4C /* Frameworks */ = {
			isa = PBXGroup;
			children = (
				9E5C5178484910B1DEA3C0B0 /* libPods-点吧.a */,
				72513B5AB676607BC564AB55 /* libPods-点吧Tests.a */,
				EA52085683AD0039D6D1EE09 /* libPods-点吧UITests.a */,
			);
			name = Frameworks;
			sourceTree = "<group>";
		};
/* End PBXGroup section */

/* Begin PBXNativeTarget section */
		158D9DF41E11391700B0FFB5 /* 点吧 */ = {
			isa = PBXNativeTarget;
			buildConfigurationList = 158D9E221E11391700B0FFB5 /* Build configuration list for PBXNativeTarget "点吧" */;
			buildPhases = (
				B8D955B58218B704948A6217 /* [CP] Check Pods Manifest.lock */,
				158D9DF11E11391700B0FFB5 /* Sources */,
				158D9DF21E11391700B0FFB5 /* Frameworks */,
				158D9DF31E11391700B0FFB5 /* Resources */,
				FD59509591921B1506D755F2 /* [CP] Embed Pods Frameworks */,
				D3888DC0ADA96947FB7F1629 /* [CP] Copy Pods Resources */,
			);
			buildRules = (
			);
			dependencies = (
			);
			name = "点吧";
			productName = "点吧";
			productReference = 158D9DF51E11391700B0FFB5 /* 点吧.app */;
			productType = "com.apple.product-type.application";
		};
		158D9E0D1E11391700B0FFB5 /* 点吧Tests */ = {
			isa = PBXNativeTarget;
			buildConfigurationList = 158D9E251E11391700B0FFB5 /* Build configuration list for PBXNativeTarget "点吧Tests" */;
			buildPhases = (
				158D9E0A1E11391700B0FFB5 /* Sources */,
				158D9E0B1E11391700B0FFB5 /* Frameworks */,
				158D9E0C1E11391700B0FFB5 /* Resources */,
			);
			buildRules = (
			);
			dependencies = (
				158D9E101E11391700B0FFB5 /* PBXTargetDependency */,
			);
			name = "点吧Tests";
			productName = "点吧Tests";
			productReference = 158D9E0E1E11391700B0FFB5 /* 点吧Tests.xctest */;
			productType = "com.apple.product-type.bundle.unit-test";
		};
		158D9E181E11391700B0FFB5 /* 点吧UITests */ = {
			isa = PBXNativeTarget;
			buildConfigurationList = 158D9E281E11391700B0FFB5 /* Build configuration list for PBXNativeTarget "点吧UITests" */;
			buildPhases = (
				158D9E151E11391700B0FFB5 /* Sources */,
				158D9E161E11391700B0FFB5 /* Frameworks */,
				158D9E171E11391700B0FFB5 /* Resources */,
			);
			buildRules = (
			);
			dependencies = (
				158D9E1B1E11391700B0FFB5 /* PBXTargetDependency */,
			);
			name = "点吧UITests";
			productName = "点吧UITests";
			productReference = 158D9E191E11391700B0FFB5 /* 点吧UITests.xctest */;
			productType = "com.apple.product-type.bundle.ui-testing";
		};
/* End PBXNativeTarget section */

/* Begin PBXProject section */
		158D9DED1E11391700B0FFB5 /* Project object */ = {
			isa = PBXProject;
			attributes = {
				LastUpgradeCheck = 0810;
				ORGANIZATIONNAME = OneGroup;
				TargetAttributes = {
					158D9DF41E11391700B0FFB5 = {
						CreatedOnToolsVersion = 8.1;
						ProvisioningStyle = Automatic;
					};
					158D9E0D1E11391700B0FFB5 = {
						CreatedOnToolsVersion = 8.1;
						ProvisioningStyle = Automatic;
						TestTargetID = 158D9DF41E11391700B0FFB5;
					};
					158D9E181E11391700B0FFB5 = {
						CreatedOnToolsVersion = 8.1;
						ProvisioningStyle = Automatic;
						TestTargetID = 158D9DF41E11391700B0FFB5;
					};
				};
			};
			buildConfigurationList = 158D9DF01E11391700B0FFB5 /* Build configuration list for PBXProject "点吧" */;
			compatibilityVersion = "Xcode 3.2";
			developmentRegion = English;
			hasScannedForEncodings = 0;
			knownRegions = (
				en,
				Base,
			);
			mainGroup = 158D9DEC1E11391700B0FFB5;
			productRefGroup = 158D9DF61E11391700B0FFB5 /* Products */;
			projectDirPath = "";
			projectRoot = "";
			targets = (
				158D9DF41E11391700B0FFB5 /* 点吧 */,
				158D9E0D1E11391700B0FFB5 /* 点吧Tests */,
				158D9E181E11391700B0FFB5 /* 点吧UITests */,
			);
		};
/* End PBXProject section */

/* Begin PBXResourcesBuildPhase section */
		158D9DF31E11391700B0FFB5 /* Resources */ = {
			isa = PBXResourcesBuildPhase;
			buildActionMask = 2147483647;
			files = (
				0DE95E191E1336B3008C762F /* img4.png in Resources */,
				0DA3F5F81E1389C600E2E030 /* HomeTableViewCell.xib in Resources */,
				158D9E081E11391700B0FFB5 /* LaunchScreen.storyboard in Resources */,
				0DE95E171E1336B3008C762F /* img1.png in Resources */,
				0DE95E181E1336B3008C762F /* img2.png in Resources */,
				0DF158951E121E80008142D6 /* searchbar_textfield_background_os7@2x.png in Resources */,
				158D9E051E11391700B0FFB5 /* Assets.xcassets in Resources */,
			);
			runOnlyForDeploymentPostprocessing = 0;
		};
		158D9E0C1E11391700B0FFB5 /* Resources */ = {
			isa = PBXResourcesBuildPhase;
			buildActionMask = 2147483647;
			files = (
			);
			runOnlyForDeploymentPostprocessing = 0;
		};
		158D9E171E11391700B0FFB5 /* Resources */ = {
			isa = PBXResourcesBuildPhase;
			buildActionMask = 2147483647;
			files = (
			);
			runOnlyForDeploymentPostprocessing = 0;
		};
/* End PBXResourcesBuildPhase section */

/* Begin PBXShellScriptBuildPhase section */
		B8D955B58218B704948A6217 /* [CP] Check Pods Manifest.lock */ = {
			isa = PBXShellScriptBuildPhase;
			buildActionMask = 2147483647;
			files = (
			);
			inputPaths = (
			);
			name = "[CP] Check Pods Manifest.lock";
			outputPaths = (
			);
			runOnlyForDeploymentPostprocessing = 0;
			shellPath = /bin/sh;
			shellScript = "diff \"${PODS_ROOT}/../Podfile.lock\" \"${PODS_ROOT}/Manifest.lock\" > /dev/null\nif [[ $? != 0 ]] ; then\n    cat << EOM\nerror: The sandbox is not in sync with the Podfile.lock. Run 'pod install' or update your CocoaPods installation.\nEOM\n    exit 1\nfi\n";
			showEnvVarsInLog = 0;
		};
		D3888DC0ADA96947FB7F1629 /* [CP] Copy Pods Resources */ = {
			isa = PBXShellScriptBuildPhase;
			buildActionMask = 2147483647;
			files = (
			);
			inputPaths = (
			);
			name = "[CP] Copy Pods Resources";
			outputPaths = (
			);
			runOnlyForDeploymentPostprocessing = 0;
			shellPath = /bin/sh;
			shellScript = "\"${SRCROOT}/Pods/Target Support Files/Pods-点吧/Pods-点吧-resources.sh\"\n";
			showEnvVarsInLog = 0;
		};
		FD59509591921B1506D755F2 /* [CP] Embed Pods Frameworks */ = {
			isa = PBXShellScriptBuildPhase;
			buildActionMask = 2147483647;
			files = (
			);
			inputPaths = (
			);
			name = "[CP] Embed Pods Frameworks";
			outputPaths = (
			);
			runOnlyForDeploymentPostprocessing = 0;
			shellPath = /bin/sh;
			shellScript = "\"${SRCROOT}/Pods/Target Support Files/Pods-点吧/Pods-点吧-frameworks.sh\"\n";
			showEnvVarsInLog = 0;
		};
/* End PBXShellScriptBuildPhase section */

/* Begin PBXSourcesBuildPhase section */
		158D9DF11E11391700B0FFB5 /* Sources */ = {
			isa = PBXSourcesBuildPhase;
			buildActionMask = 2147483647;
			files = (
				0DA3F5F71E1389C600E2E030 /* HomeTableViewCell.m in Sources */,
				1565FD761E129BAD00C68872 /* TotalViewController.m in Sources */,
				0DF158931E121E75008142D6 /* UIImage+JZ.m in Sources */,
				0DC495BF1E148EBA00537686 /* hotelViewController.m in Sources */,
				158D9E3C1E113A9800B0FFB5 /* MySelfViewController.m in Sources */,
				0DA3F60B1E13A04A00E2E030 /* PopoverView.m in Sources */,
				0D0271FA1E13432E00D3D350 /* headerCollectionViewCell.m in Sources */,
				0DF158981E121E87008142D6 /* GVColor.m in Sources */,
				1565FD7F1E129C0300C68872 /* TopScroll.m in Sources */,
				1565FD5F1E1236D800C68872 /* AFNManager.m in Sources */,
				158D9DFD1E11391700B0FFB5 /* AppDelegate.m in Sources */,
				0DC495BC1E13CDC700537686 /* GPSViewController.m in Sources */,
				158D9E2D1E11395500B0FFB5 /* MainViewController.m in Sources */,
				1565FD7C1E129BC600C68872 /* TakeViewController.m in Sources */,
				0DF158AA1E12473E008142D6 /* HomeView.m in Sources */,
				158D9E361E113A5900B0FFB5 /* TakeAwayViewController.m in Sources */,
				0DA3F60C1E13A04A00E2E030 /* PopoverViewCell.m in Sources */,
				0D4421511E12861A00B31284 /* UILabel+LabelFrame.m in Sources */,
				158D9E331E113A3400B0FFB5 /* HomeViewController.m in Sources */,
				0DA3F60A1E13A04A00E2E030 /* PopoverAction.m in Sources */,
				1565FD731E129BA400C68872 /* OrderViewController.m in Sources */,
				158D9DFA1E11391700B0FFB5 /* main.m in Sources */,
				0DF158901E121E6C008142D6 /* JZSearchBar.m in Sources */,
				1565FD791E129BB900C68872 /* HallViewController.m in Sources */,
			);
			runOnlyForDeploymentPostprocessing = 0;
		};
		158D9E0A1E11391700B0FFB5 /* Sources */ = {
			isa = PBXSourcesBuildPhase;
			buildActionMask = 2147483647;
			files = (
				158D9E131E11391700B0FFB5 /* __Tests.m in Sources */,
			);
			runOnlyForDeploymentPostprocessing = 0;
		};
		158D9E151E11391700B0FFB5 /* Sources */ = {
			isa = PBXSourcesBuildPhase;
			buildActionMask = 2147483647;
			files = (
				158D9E1E1E11391700B0FFB5 /* __UITests.m in Sources */,
			);
			runOnlyForDeploymentPostprocessing = 0;
		};
/* End PBXSourcesBuildPhase section */

/* Begin PBXTargetDependency section */
		158D9E101E11391700B0FFB5 /* PBXTargetDependency */ = {
			isa = PBXTargetDependency;
			target = 158D9DF41E11391700B0FFB5 /* 点吧 */;
			targetProxy = 158D9E0F1E11391700B0FFB5 /* PBXContainerItemProxy */;
		};
		158D9E1B1E11391700B0FFB5 /* PBXTargetDependency */ = {
			isa = PBXTargetDependency;
			target = 158D9DF41E11391700B0FFB5 /* 点吧 */;
			targetProxy = 158D9E1A1E11391700B0FFB5 /* PBXContainerItemProxy */;
		};
/* End PBXTargetDependency section */

/* Begin PBXVariantGroup section */
		158D9E061E11391700B0FFB5 /* LaunchScreen.storyboard */ = {
			isa = PBXVariantGroup;
			children = (
				158D9E071E11391700B0FFB5 /* Base */,
			);
			name = LaunchScreen.storyboard;
			sourceTree = "<group>";
		};
/* End PBXVariantGroup section */

/* Begin XCBuildConfiguration section */
		158D9E201E11391700B0FFB5 /* Debug */ = {
			isa = XCBuildConfiguration;
			buildSettings = {
				ALWAYS_SEARCH_USER_PATHS = NO;
				CLANG_ANALYZER_NONNULL = YES;
				CLANG_CXX_LANGUAGE_STANDARD = "gnu++0x";
				CLANG_CXX_LIBRARY = "libc++";
				CLANG_ENABLE_MODULES = YES;
				CLANG_ENABLE_OBJC_ARC = YES;
				CLANG_WARN_BOOL_CONVERSION = YES;
				CLANG_WARN_CONSTANT_CONVERSION = YES;
				CLANG_WARN_DIRECT_OBJC_ISA_USAGE = YES_ERROR;
				CLANG_WARN_DOCUMENTATION_COMMENTS = YES;
				CLANG_WARN_EMPTY_BODY = YES;
				CLANG_WARN_ENUM_CONVERSION = YES;
				CLANG_WARN_INFINITE_RECURSION = YES;
				CLANG_WARN_INT_CONVERSION = YES;
				CLANG_WARN_OBJC_ROOT_CLASS = YES_ERROR;
				CLANG_WARN_SUSPICIOUS_MOVES = YES;
				CLANG_WARN_UNREACHABLE_CODE = YES;
				CLANG_WARN__DUPLICATE_METHOD_MATCH = YES;
				"CODE_SIGN_IDENTITY[sdk=iphoneos*]" = "iPhone Developer";
				COPY_PHASE_STRIP = NO;
				DEBUG_INFORMATION_FORMAT = dwarf;
				ENABLE_STRICT_OBJC_MSGSEND = YES;
				ENABLE_TESTABILITY = YES;
				GCC_C_LANGUAGE_STANDARD = gnu99;
				GCC_DYNAMIC_NO_PIC = NO;
				GCC_NO_COMMON_BLOCKS = YES;
				GCC_OPTIMIZATION_LEVEL = 0;
				GCC_PREPROCESSOR_DEFINITIONS = (
					"DEBUG=1",
					"$(inherited)",
				);
				GCC_WARN_64_TO_32_BIT_CONVERSION = YES;
				GCC_WARN_ABOUT_RETURN_TYPE = YES_ERROR;
				GCC_WARN_UNDECLARED_SELECTOR = YES;
				GCC_WARN_UNINITIALIZED_AUTOS = YES_AGGRESSIVE;
				GCC_WARN_UNUSED_FUNCTION = YES;
				GCC_WARN_UNUSED_VARIABLE = YES;
				IPHONEOS_DEPLOYMENT_TARGET = 10.1;
				MTL_ENABLE_DEBUG_INFO = YES;
				ONLY_ACTIVE_ARCH = YES;
				SDKROOT = iphoneos;
				TARGETED_DEVICE_FAMILY = "1,2";
			};
			name = Debug;
		};
		158D9E211E11391700B0FFB5 /* Release */ = {
			isa = XCBuildConfiguration;
			buildSettings = {
				ALWAYS_SEARCH_USER_PATHS = NO;
				CLANG_ANALYZER_NONNULL = YES;
				CLANG_CXX_LANGUAGE_STANDARD = "gnu++0x";
				CLANG_CXX_LIBRARY = "libc++";
				CLANG_ENABLE_MODULES = YES;
				CLANG_ENABLE_OBJC_ARC = YES;
				CLANG_WARN_BOOL_CONVERSION = YES;
				CLANG_WARN_CONSTANT_CONVERSION = YES;
				CLANG_WARN_DIRECT_OBJC_ISA_USAGE = YES_ERROR;
				CLANG_WARN_DOCUMENTATION_COMMENTS = YES;
				CLANG_WARN_EMPTY_BODY = YES;
				CLANG_WARN_ENUM_CONVERSION = YES;
				CLANG_WARN_INFINITE_RECURSION = YES;
				CLANG_WARN_INT_CONVERSION = YES;
				CLANG_WARN_OBJC_ROOT_CLASS = YES_ERROR;
				CLANG_WARN_SUSPICIOUS_MOVES = YES;
				CLANG_WARN_UNREACHABLE_CODE = YES;
				CLANG_WARN__DUPLICATE_METHOD_MATCH = YES;
				"CODE_SIGN_IDENTITY[sdk=iphoneos*]" = "iPhone Developer";
				COPY_PHASE_STRIP = NO;
				DEBUG_INFORMATION_FORMAT = "dwarf-with-dsym";
				ENABLE_NS_ASSERTIONS = NO;
				ENABLE_STRICT_OBJC_MSGSEND = YES;
				GCC_C_LANGUAGE_STANDARD = gnu99;
				GCC_NO_COMMON_BLOCKS = YES;
				GCC_WARN_64_TO_32_BIT_CONVERSION = YES;
				GCC_WARN_ABOUT_RETURN_TYPE = YES_ERROR;
				GCC_WARN_UNDECLARED_SELECTOR = YES;
				GCC_WARN_UNINITIALIZED_AUTOS = YES_AGGRESSIVE;
				GCC_WARN_UNUSED_FUNCTION = YES;
				GCC_WARN_UNUSED_VARIABLE = YES;
				IPHONEOS_DEPLOYMENT_TARGET = 10.1;
				MTL_ENABLE_DEBUG_INFO = NO;
				SDKROOT = iphoneos;
				TARGETED_DEVICE_FAMILY = "1,2";
				VALIDATE_PRODUCT = YES;
			};
			name = Release;
		};
		158D9E231E11391700B0FFB5 /* Debug */ = {
			isa = XCBuildConfiguration;
			baseConfigurationReference = 624367971C89D6FAA53BACBD /* Pods-点吧.debug.xcconfig */;
			buildSettings = {
				ASSETCATALOG_COMPILER_APPICON_NAME = AppIcon;
				GCC_PRECOMPILE_PREFIX_HEADER = YES;
				GCC_PREFIX_HEADER = "点吧/AllFrame.pch";
				INFOPLIST_FILE = "点吧/Info.plist";
				IPHONEOS_DEPLOYMENT_TARGET = 9.0;
				LD_RUNPATH_SEARCH_PATHS = "$(inherited) @executable_path/Frameworks";
				PRODUCT_BUNDLE_IDENTIFIER = "OneGroup.--";
				PRODUCT_NAME = "$(TARGET_NAME)";
				TARGETED_DEVICE_FAMILY = 1;
			};
			name = Debug;
		};
		158D9E241E11391700B0FFB5 /* Release */ = {
			isa = XCBuildConfiguration;
			baseConfigurationReference = 7F87AB6569E9617A2747B048 /* Pods-点吧.release.xcconfig */;
			buildSettings = {
				ASSETCATALOG_COMPILER_APPICON_NAME = AppIcon;
				GCC_PRECOMPILE_PREFIX_HEADER = YES;
				GCC_PREFIX_HEADER = "点吧/AllFrame.pch";
				INFOPLIST_FILE = "点吧/Info.plist";
				IPHONEOS_DEPLOYMENT_TARGET = 9.0;
				LD_RUNPATH_SEARCH_PATHS = "$(inherited) @executable_path/Frameworks";
				PRODUCT_BUNDLE_IDENTIFIER = "OneGroup.--";
				PRODUCT_NAME = "$(TARGET_NAME)";
				TARGETED_DEVICE_FAMILY = 1;
			};
			name = Release;
		};
		158D9E261E11391700B0FFB5 /* Debug */ = {
			isa = XCBuildConfiguration;
			buildSettings = {
				BUNDLE_LOADER = "$(TEST_HOST)";
				INFOPLIST_FILE = "点吧Tests/Info.plist";
				LD_RUNPATH_SEARCH_PATHS = "$(inherited) @executable_path/Frameworks @loader_path/Frameworks";
				PRODUCT_BUNDLE_IDENTIFIER = "OneGroup.--Tests";
				PRODUCT_NAME = "$(TARGET_NAME)";
				TEST_HOST = "$(BUILT_PRODUCTS_DIR)/点吧.app/点吧";
			};
			name = Debug;
		};
		158D9E271E11391700B0FFB5 /* Release */ = {
			isa = XCBuildConfiguration;
			buildSettings = {
				BUNDLE_LOADER = "$(TEST_HOST)";
				INFOPLIST_FILE = "点吧Tests/Info.plist";
				LD_RUNPATH_SEARCH_PATHS = "$(inherited) @executable_path/Frameworks @loader_path/Frameworks";
				PRODUCT_BUNDLE_IDENTIFIER = "OneGroup.--Tests";
				PRODUCT_NAME = "$(TARGET_NAME)";
				TEST_HOST = "$(BUILT_PRODUCTS_DIR)/点吧.app/点吧";
			};
			name = Release;
		};
		158D9E291E11391700B0FFB5 /* Debug */ = {
			isa = XCBuildConfiguration;
			buildSettings = {
				INFOPLIST_FILE = "点吧UITests/Info.plist";
				LD_RUNPATH_SEARCH_PATHS = "$(inherited) @executable_path/Frameworks @loader_path/Frameworks";
				PRODUCT_BUNDLE_IDENTIFIER = "OneGroup.--UITests";
				PRODUCT_NAME = "$(TARGET_NAME)";
				TEST_TARGET_NAME = "点吧";
			};
			name = Debug;
		};
		158D9E2A1E11391700B0FFB5 /* Release */ = {
			isa = XCBuildConfiguration;
			buildSettings = {
				INFOPLIST_FILE = "点吧UITests/Info.plist";
				LD_RUNPATH_SEARCH_PATHS = "$(inherited) @executable_path/Frameworks @loader_path/Frameworks";
				PRODUCT_BUNDLE_IDENTIFIER = "OneGroup.--UITests";
				PRODUCT_NAME = "$(TARGET_NAME)";
				TEST_TARGET_NAME = "点吧";
			};
			name = Release;
		};
/* End XCBuildConfiguration section */

/* Begin XCConfigurationList section */
		158D9DF01E11391700B0FFB5 /* Build configuration list for PBXProject "点吧" */ = {
			isa = XCConfigurationList;
			buildConfigurations = (
				158D9E201E11391700B0FFB5 /* Debug */,
				158D9E211E11391700B0FFB5 /* Release */,
			);
			defaultConfigurationIsVisible = 0;
			defaultConfigurationName = Release;
		};
		158D9E221E11391700B0FFB5 /* Build configuration list for PBXNativeTarget "点吧" */ = {
			isa = XCConfigurationList;
			buildConfigurations = (
				158D9E231E11391700B0FFB5 /* Debug */,
				158D9E241E11391700B0FFB5 /* Release */,
			);
			defaultConfigurationIsVisible = 0;
			defaultConfigurationName = Release;
		};
		158D9E251E11391700B0FFB5 /* Build configuration list for PBXNativeTarget "点吧Tests" */ = {
			isa = XCConfigurationList;
			buildConfigurations = (
				158D9E261E11391700B0FFB5 /* Debug */,
				158D9E271E11391700B0FFB5 /* Release */,
			);
			defaultConfigurationIsVisible = 0;
			defaultConfigurationName = Release;
		};
		158D9E281E11391700B0FFB5 /* Build configuration list for PBXNativeTarget "点吧UITests" */ = {
			isa = XCConfigurationList;
			buildConfigurations = (
				158D9E291E11391700B0FFB5 /* Debug */,
				158D9E2A1E11391700B0FFB5 /* Release */,
			);
			defaultConfigurationIsVisible = 0;
			defaultConfigurationName = Release;
		};
/* End XCConfigurationList section */
	};
	rootObject = 158D9DED1E11391700B0FFB5 /* Project object */;
}
